// !$*UTF8*$!
{
	archiveVersion = 1;
	classes = {
	};
	objectVersion = 56;
	objects = {

/* Begin PBXBuildFile section */
		4212EC042C0D851E0015EF20 /* LikeButtonView.swift in Sources */ = {isa = PBXBuildFile; fileRef = 4212EC032C0D851E0015EF20 /* LikeButtonView.swift */; };
		4212EC062C0EAD340015EF20 /* ReportElement.swift in Sources */ = {isa = PBXBuildFile; fileRef = 4212EC052C0EAD340015EF20 /* ReportElement.swift */; };
		4212EC082C0ECF140015EF20 /* ReportDataModel.swift in Sources */ = {isa = PBXBuildFile; fileRef = 4212EC072C0ECF140015EF20 /* ReportDataModel.swift */; };
		4212EC0A2C0EF4170015EF20 /* OptionsView.swift in Sources */ = {isa = PBXBuildFile; fileRef = 4212EC092C0EF4170015EF20 /* OptionsView.swift */; };
		42164E252C1EB9DE00510C99 /* AdvertisementBarView.swift in Sources */ = {isa = PBXBuildFile; fileRef = 42164E242C1EB9DE00510C99 /* AdvertisementBarView.swift */; };
		42164E272C1F333000510C99 /* FirebaseAnonymousAuthUI in Frameworks */ = {isa = PBXBuildFile; productRef = 42164E262C1F333000510C99 /* FirebaseAnonymousAuthUI */; };
		42164E292C1F333000510C99 /* FirebaseDatabaseUI in Frameworks */ = {isa = PBXBuildFile; productRef = 42164E282C1F333000510C99 /* FirebaseDatabaseUI */; };
		42164E2B2C1F333000510C99 /* FirebaseEmailAuthUI in Frameworks */ = {isa = PBXBuildFile; productRef = 42164E2A2C1F333000510C99 /* FirebaseEmailAuthUI */; };
		42164E2D2C1F333000510C99 /* FirebaseFacebookAuthUI in Frameworks */ = {isa = PBXBuildFile; productRef = 42164E2C2C1F333000510C99 /* FirebaseFacebookAuthUI */; };
		42164E2F2C1F37B400510C99 /* FirebaseAnalytics in Frameworks */ = {isa = PBXBuildFile; productRef = 42164E2E2C1F37B400510C99 /* FirebaseAnalytics */; };
		42164E312C1F37B400510C99 /* FirebaseAnalyticsOnDeviceConversion in Frameworks */ = {isa = PBXBuildFile; productRef = 42164E302C1F37B400510C99 /* FirebaseAnalyticsOnDeviceConversion */; };
		42164E352C1F37B400510C99 /* FirebaseAnalyticsWithoutAdIdSupport in Frameworks */ = {isa = PBXBuildFile; productRef = 42164E342C1F37B400510C99 /* FirebaseAnalyticsWithoutAdIdSupport */; };
		42164E372C1F37B400510C99 /* FirebaseAppCheck in Frameworks */ = {isa = PBXBuildFile; productRef = 42164E362C1F37B400510C99 /* FirebaseAppCheck */; };
		421A539A2C05705C00795317 /* MyProfileEditView.swift in Sources */ = {isa = PBXBuildFile; fileRef = 421A53992C05705C00795317 /* MyProfileEditView.swift */; };
		422C69C52BED1C570012FB8F /* CockDiveApp.swift in Sources */ = {isa = PBXBuildFile; fileRef = 422C69C42BED1C570012FB8F /* CockDiveApp.swift */; };
		422C69C72BED1C570012FB8F /* Persistence.swift in Sources */ = {isa = PBXBuildFile; fileRef = 422C69C62BED1C570012FB8F /* Persistence.swift */; };
		422C69CA2BED1C570012FB8F /* CockDive.xcdatamodeld in Sources */ = {isa = PBXBuildFile; fileRef = 422C69C82BED1C570012FB8F /* CockDive.xcdatamodeld */; };
		422C69CE2BED1C590012FB8F /* Assets.xcassets in Resources */ = {isa = PBXBuildFile; fileRef = 422C69CD2BED1C590012FB8F /* Assets.xcassets */; };
		422C69D22BED1C590012FB8F /* Preview Assets.xcassets in Resources */ = {isa = PBXBuildFile; fileRef = 422C69D12BED1C590012FB8F /* Preview Assets.xcassets */; };
		422C69D92BED1FE10012FB8F /* CockCardView.swift in Sources */ = {isa = PBXBuildFile; fileRef = 422C69D82BED1FE10012FB8F /* CockCardView.swift */; };
		422EFAA62C05C4C9000DE24C /* NameRegistrationView.swift in Sources */ = {isa = PBXBuildFile; fileRef = 422EFAA52C05C4C9000DE24C /* NameRegistrationView.swift */; };
		422EFAA82C05C4D5000DE24C /* IconRegistrationView.swift in Sources */ = {isa = PBXBuildFile; fileRef = 422EFAA72C05C4D5000DE24C /* IconRegistrationView.swift */; };
		422EFAAA2C05C999000DE24C /* PhotosPickerItem+.swift in Sources */ = {isa = PBXBuildFile; fileRef = 422EFAA92C05C999000DE24C /* PhotosPickerItem+.swift */; };
		422EFAAC2C05CA39000DE24C /* UIImage+.swift in Sources */ = {isa = PBXBuildFile; fileRef = 422EFAAB2C05CA39000DE24C /* UIImage+.swift */; };
		422EFAAE2C05F1AD000DE24C /* MyProfileEditViewModel.swift in Sources */ = {isa = PBXBuildFile; fileRef = 422EFAAD2C05F1AD000DE24C /* MyProfileEditViewModel.swift */; };
		422EFAB22C061E45000DE24C /* SettingViewModel.swift in Sources */ = {isa = PBXBuildFile; fileRef = 422EFAB12C061E44000DE24C /* SettingViewModel.swift */; };
		422EFAB42C077DD5000DE24C /* WebView.swift in Sources */ = {isa = PBXBuildFile; fileRef = 422EFAB32C077DD5000DE24C /* WebView.swift */; };
		422EFAB62C08013E000DE24C /* BlockListViewModel.swift in Sources */ = {isa = PBXBuildFile; fileRef = 422EFAB52C08013E000DE24C /* BlockListViewModel.swift */; };
		422EFABE2C08974E000DE24C /* String+.swift in Sources */ = {isa = PBXBuildFile; fileRef = 422EFABD2C08974E000DE24C /* String+.swift */; };
		422EFAC22C0C3AAB000DE24C /* PostCommentViewModel.swift in Sources */ = {isa = PBXBuildFile; fileRef = 422EFAC12C0C3AAB000DE24C /* PostCommentViewModel.swift */; };
		422EFAC42C0C8682000DE24C /* ImageView.swift in Sources */ = {isa = PBXBuildFile; fileRef = 422EFAC32C0C8682000DE24C /* ImageView.swift */; };
		42370F462C19AC13008B577C /* AdvertisementView.swift in Sources */ = {isa = PBXBuildFile; fileRef = 42370F452C19AC13008B577C /* AdvertisementView.swift */; };
		423B2A882BF8395300489BCC /* UserFriendModel.swift in Sources */ = {isa = PBXBuildFile; fileRef = 423B2A872BF8395300489BCC /* UserFriendModel.swift */; };
		423B2A8A2BF8605800489BCC /* UserPostDataModel.swift in Sources */ = {isa = PBXBuildFile; fileRef = 423B2A892BF8605800489BCC /* UserPostDataModel.swift */; };
		423B2A8C2BF86CDB00489BCC /* CommentDataModel.swift in Sources */ = {isa = PBXBuildFile; fileRef = 423B2A8B2BF86CDB00489BCC /* CommentDataModel.swift */; };
		423B2A8E2BF8994100489BCC /* PostDetailViewModel.swift in Sources */ = {isa = PBXBuildFile; fileRef = 423B2A8D2BF8994000489BCC /* PostDetailViewModel.swift */; };
		423B2A902BFA050B00489BCC /* AddPostViewModel.swift in Sources */ = {isa = PBXBuildFile; fileRef = 423B2A8F2BFA050B00489BCC /* AddPostViewModel.swift */; };
		423B2A922BFA293C00489BCC /* UIApplication+.swift in Sources */ = {isa = PBXBuildFile; fileRef = 423B2A912BFA293C00489BCC /* UIApplication+.swift */; };
		42446AB22C214CE500AE39F3 /* MainColorEditView.swift in Sources */ = {isa = PBXBuildFile; fileRef = 42446AB12C214CE500AE39F3 /* MainColorEditView.swift */; };
		42446AB42C21566E00AE39F3 /* UserDefaultsColorModel.swift in Sources */ = {isa = PBXBuildFile; fileRef = 42446AB32C21566E00AE39F3 /* UserDefaultsColorModel.swift */; };
		42446AB62C21E62A00AE39F3 /* MainColorEditViewModel.swift in Sources */ = {isa = PBXBuildFile; fileRef = 42446AB52C21E62A00AE39F3 /* MainColorEditViewModel.swift */; };
		4253F6122BFDE1310067BF14 /* LoadingAnimationView.swift in Sources */ = {isa = PBXBuildFile; fileRef = 4253F6112BFDE1310067BF14 /* LoadingAnimationView.swift */; };
		4253F6142BFDEB890067BF14 /* HapticsManager.swift in Sources */ = {isa = PBXBuildFile; fileRef = 4253F6132BFDEB890067BF14 /* HapticsManager.swift */; };
		4253F6172BFE00DF0067BF14 /* ProfileView.swift in Sources */ = {isa = PBXBuildFile; fileRef = 4253F6162BFE00DF0067BF14 /* ProfileView.swift */; };
		4253F6192BFE0ECA0067BF14 /* ProfileViewModel.swift in Sources */ = {isa = PBXBuildFile; fileRef = 4253F6182BFE0ECA0067BF14 /* ProfileViewModel.swift */; };
		4253F61E2BFEBA840067BF14 /* MyPostModel+CoreDataClass.swift in Sources */ = {isa = PBXBuildFile; fileRef = 4253F61A2BFEBA840067BF14 /* MyPostModel+CoreDataClass.swift */; };
		4253F61F2BFEBA840067BF14 /* MyPostModel+CoreDataProperties.swift in Sources */ = {isa = PBXBuildFile; fileRef = 4253F61B2BFEBA840067BF14 /* MyPostModel+CoreDataProperties.swift */; };
		4253F6202BFEBA840067BF14 /* MyDataModel+CoreDataClass.swift in Sources */ = {isa = PBXBuildFile; fileRef = 4253F61C2BFEBA840067BF14 /* MyDataModel+CoreDataClass.swift */; };
		4253F6212BFEBA840067BF14 /* MyDataModel+CoreDataProperties.swift in Sources */ = {isa = PBXBuildFile; fileRef = 4253F61D2BFEBA840067BF14 /* MyDataModel+CoreDataProperties.swift */; };
		4253F6242C006D730067BF14 /* MyDataCoreDataManager.swift in Sources */ = {isa = PBXBuildFile; fileRef = 4253F6232C006D730067BF14 /* MyDataCoreDataManager.swift */; };
		4253F6262C00E0A00067BF14 /* MyPostCoreDataManager.swift in Sources */ = {isa = PBXBuildFile; fileRef = 4253F6252C00E0A00067BF14 /* MyPostCoreDataManager.swift */; };
		4253F62A2C023F3D0067BF14 /* ProfileHeaderView.swift in Sources */ = {isa = PBXBuildFile; fileRef = 4253F6292C023F3D0067BF14 /* ProfileHeaderView.swift */; };
		4253F62C2C023F8E0067BF14 /* FollowButtonView.swift in Sources */ = {isa = PBXBuildFile; fileRef = 4253F62B2C023F8E0067BF14 /* FollowButtonView.swift */; };
		4253F62E2C02422A0067BF14 /* MyPageViewModel.swift in Sources */ = {isa = PBXBuildFile; fileRef = 4253F62D2C02422A0067BF14 /* MyPageViewModel.swift */; };
		4253F6302C02E6CF0067BF14 /* MyPageHeaderView.swift in Sources */ = {isa = PBXBuildFile; fileRef = 4253F62F2C02E6CF0067BF14 /* MyPageHeaderView.swift */; };
		4253F6342C02FAE90067BF14 /* SwipeableTabView.swift in Sources */ = {isa = PBXBuildFile; fileRef = 4253F6332C02FAE90067BF14 /* SwipeableTabView.swift */; };
		4253F6372C047F780067BF14 /* LikePostModel+CoreDataClass.swift in Sources */ = {isa = PBXBuildFile; fileRef = 4253F6352C047F780067BF14 /* LikePostModel+CoreDataClass.swift */; };
		4253F6382C047F780067BF14 /* LikePostModel+CoreDataProperties.swift in Sources */ = {isa = PBXBuildFile; fileRef = 4253F6362C047F780067BF14 /* LikePostModel+CoreDataProperties.swift */; };
		4253F63A2C047FD20067BF14 /* LikePostCoreDataManager.swift in Sources */ = {isa = PBXBuildFile; fileRef = 4253F6392C047FD20067BF14 /* LikePostCoreDataManager.swift */; };
		4298D8412BEDA30C005AB08F /* CockPostView.swift in Sources */ = {isa = PBXBuildFile; fileRef = 4298D8402BEDA30C005AB08F /* CockPostView.swift */; };
		4298D8462BEDE782005AB08F /* MyPageView.swift in Sources */ = {isa = PBXBuildFile; fileRef = 4298D8452BEDE782005AB08F /* MyPageView.swift */; };
		4298D8482BEE6C35005AB08F /* AddPostView.swift in Sources */ = {isa = PBXBuildFile; fileRef = 4298D8472BEE6C35005AB08F /* AddPostView.swift */; };
		4298D84B2BEF4E40005AB08F /* Color+.swift in Sources */ = {isa = PBXBuildFile; fileRef = 4298D84A2BEF4E40005AB08F /* Color+.swift */; };
		4298D84E2BEF4FCA005AB08F /* LongBarButton.swift in Sources */ = {isa = PBXBuildFile; fileRef = 4298D84D2BEF4FCA005AB08F /* LongBarButton.swift */; };
		4298D8562BF0984E005AB08F /* ImageCalendarView.swift in Sources */ = {isa = PBXBuildFile; fileRef = 4298D8552BF0984E005AB08F /* ImageCalendarView.swift */; };
		4298D8582BF0A908005AB08F /* Date+.swift in Sources */ = {isa = PBXBuildFile; fileRef = 4298D8572BF0A908005AB08F /* Date+.swift */; };
		4298D85A2BF0BD8C005AB08F /* SmallImageView.swift in Sources */ = {isa = PBXBuildFile; fileRef = 4298D8592BF0BD8C005AB08F /* SmallImageView.swift */; };
		4298D85C2BF0DD3B005AB08F /* StrokeButtonUI.swift in Sources */ = {isa = PBXBuildFile; fileRef = 4298D85B2BF0DD3B005AB08F /* StrokeButtonUI.swift */; };
		4298D85F2BF101C4005AB08F /* SettingView.swift in Sources */ = {isa = PBXBuildFile; fileRef = 4298D85E2BF101C4005AB08F /* SettingView.swift */; };
		4298D8622BF10694005AB08F /* NewsView.swift in Sources */ = {isa = PBXBuildFile; fileRef = 4298D8612BF10693005AB08F /* NewsView.swift */; };
		4298D8642BF106BD005AB08F /* PrivacyPolicyView.swift in Sources */ = {isa = PBXBuildFile; fileRef = 4298D8632BF106BD005AB08F /* PrivacyPolicyView.swift */; };
		4298D8662BF1071C005AB08F /* TermsOfServiceView.swift in Sources */ = {isa = PBXBuildFile; fileRef = 4298D8652BF1071B005AB08F /* TermsOfServiceView.swift */; };
		4298D8682BF1073D005AB08F /* BlockListView.swift in Sources */ = {isa = PBXBuildFile; fileRef = 4298D8672BF1073D005AB08F /* BlockListView.swift */; };
		4298D86A2BF1075B005AB08F /* ContactView.swift in Sources */ = {isa = PBXBuildFile; fileRef = 4298D8692BF1075B005AB08F /* ContactView.swift */; };
		4298D86C2BF107C4005AB08F /* LogoutView.swift in Sources */ = {isa = PBXBuildFile; fileRef = 4298D86B2BF107C4005AB08F /* LogoutView.swift */; };
		4298D86E2BF107DB005AB08F /* DeleteAccountView.swift in Sources */ = {isa = PBXBuildFile; fileRef = 4298D86D2BF107DB005AB08F /* DeleteAccountView.swift */; };
		4298D8702BF116CD005AB08F /* NavigationLinkButtonView.swift in Sources */ = {isa = PBXBuildFile; fileRef = 4298D86F2BF116CD005AB08F /* NavigationLinkButtonView.swift */; };
		4298D8742BF12260005AB08F /* ToolBarBackButtonView.swift in Sources */ = {isa = PBXBuildFile; fileRef = 4298D8732BF12260005AB08F /* ToolBarBackButtonView.swift */; };
		4298D8762BF2050D005AB08F /* ToolBarAddButtonView.swift in Sources */ = {isa = PBXBuildFile; fileRef = 4298D8752BF2050D005AB08F /* ToolBarAddButtonView.swift */; };
		42A1C7B52C0CDDC30036AC0E /* SignInWithAppleObject.swift in Sources */ = {isa = PBXBuildFile; fileRef = 42A1C7B42C0CDDC30036AC0E /* SignInWithAppleObject.swift */; };
		42C02AC62BF79077000D7CE4 /* SectioinTitleView.swift in Sources */ = {isa = PBXBuildFile; fileRef = 42C02AC52BF79077000D7CE4 /* SectioinTitleView.swift */; };
		42C02ACA2BF7A851000D7CE4 /* CockCardViewModel.swift in Sources */ = {isa = PBXBuildFile; fileRef = 42C02AC92BF7A851000D7CE4 /* CockCardViewModel.swift */; };
		42D07BEB2C6220080067450F /* MochiyPopOne-Regular.ttf in Resources */ = {isa = PBXBuildFile; fileRef = 42D07BEA2C6220080067450F /* MochiyPopOne-Regular.ttf */; };
		42D07BED2C6239620067450F /* Font+.swift in Sources */ = {isa = PBXBuildFile; fileRef = 42D07BEC2C6239620067450F /* Font+.swift */; };
		42DB945A2BF20B5A00ECDD84 /* PostDetailView.swift in Sources */ = {isa = PBXBuildFile; fileRef = 42DB94592BF20B5A00ECDD84 /* PostDetailView.swift */; };
		42DB945C2BF20B7600ECDD84 /* PostCommentView.swift in Sources */ = {isa = PBXBuildFile; fileRef = 42DB945B2BF20B7600ECDD84 /* PostCommentView.swift */; };
		42DB945E2BF248D500ECDD84 /* DynamicHeightTextEditorView.swift in Sources */ = {isa = PBXBuildFile; fileRef = 42DB945D2BF248D500ECDD84 /* DynamicHeightTextEditorView.swift */; };
		42DB94602BF2562E00ECDD84 /* DynamicHeightCommentView.swift in Sources */ = {isa = PBXBuildFile; fileRef = 42DB945F2BF2562E00ECDD84 /* DynamicHeightCommentView.swift */; };
		42DB94632BF2F8E600ECDD84 /* SignInView.swift in Sources */ = {isa = PBXBuildFile; fileRef = 42DB94622BF2F8E600ECDD84 /* SignInView.swift */; };
		42DB94702BF3001000ECDD84 /* FirebaseAuth in Frameworks */ = {isa = PBXBuildFile; productRef = 42DB946F2BF3001000ECDD84 /* FirebaseAuth */; };
		42DB94722BF3001000ECDD84 /* FirebaseFirestore in Frameworks */ = {isa = PBXBuildFile; productRef = 42DB94712BF3001000ECDD84 /* FirebaseFirestore */; };
		42DB94752BF3009800ECDD84 /* FirebaseAuthUI in Frameworks */ = {isa = PBXBuildFile; productRef = 42DB94742BF3009800ECDD84 /* FirebaseAuthUI */; };
		42DB94772BF3009900ECDD84 /* FirebaseGoogleAuthUI in Frameworks */ = {isa = PBXBuildFile; productRef = 42DB94762BF3009900ECDD84 /* FirebaseGoogleAuthUI */; };
		42DB94792BF3009900ECDD84 /* FirebaseOAuthUI in Frameworks */ = {isa = PBXBuildFile; productRef = 42DB94782BF3009900ECDD84 /* FirebaseOAuthUI */; };
		42DB947B2BF3187300ECDD84 /* StartView.swift in Sources */ = {isa = PBXBuildFile; fileRef = 42DB947A2BF3187300ECDD84 /* StartView.swift */; };
		42DB947D2BF323FD00ECDD84 /* GoogleService-Info.plist in Resources */ = {isa = PBXBuildFile; fileRef = 42DB947C2BF323FD00ECDD84 /* GoogleService-Info.plist */; };
		42DB94822BF328F300ECDD84 /* AuthenticationManager.swift in Sources */ = {isa = PBXBuildFile; fileRef = 42DB94812BF328F300ECDD84 /* AuthenticationManager.swift */; };
		42DB94842BF329BE00ECDD84 /* FirebaseAuthUIView.swift in Sources */ = {isa = PBXBuildFile; fileRef = 42DB94832BF329BE00ECDD84 /* FirebaseAuthUIView.swift */; };
		42DB94882BF3C30100ECDD84 /* MainTabView.swift in Sources */ = {isa = PBXBuildFile; fileRef = 42DB94872BF3C30000ECDD84 /* MainTabView.swift */; };
		42DB948C2BF4603E00ECDD84 /* UserElement.swift in Sources */ = {isa = PBXBuildFile; fileRef = 42DB948B2BF4603E00ECDD84 /* UserElement.swift */; };
		42DB948F2BF470E100ECDD84 /* PostElement.swift in Sources */ = {isa = PBXBuildFile; fileRef = 42DB948E2BF470E100ECDD84 /* PostElement.swift */; };
		42DB94912BF470EC00ECDD84 /* CommentElement.swift in Sources */ = {isa = PBXBuildFile; fileRef = 42DB94902BF470EB00ECDD84 /* CommentElement.swift */; };
		42DB94932BF48A5200ECDD84 /* UserDataModel.swift in Sources */ = {isa = PBXBuildFile; fileRef = 42DB94922BF48A5200ECDD84 /* UserDataModel.swift */; };
		42DB94952BF48A5E00ECDD84 /* PostDataModel.swift in Sources */ = {isa = PBXBuildFile; fileRef = 42DB94942BF48A5E00ECDD84 /* PostDataModel.swift */; };
		42DB94982BF48C7C00ECDD84 /* FirebaseStorage in Frameworks */ = {isa = PBXBuildFile; productRef = 42DB94972BF48C7C00ECDD84 /* FirebaseStorage */; };
		42DB949A2BF4A2AE00ECDD84 /* UserFriendElement.swift in Sources */ = {isa = PBXBuildFile; fileRef = 42DB94992BF4A2AE00ECDD84 /* UserFriendElement.swift */; };
		42DB949C2BF4A2D100ECDD84 /* UserPostElement.swift in Sources */ = {isa = PBXBuildFile; fileRef = 42DB949B2BF4A2D100ECDD84 /* UserPostElement.swift */; };
		42DB949E2BF4BC7B00ECDD84 /* StartViewModel.swift in Sources */ = {isa = PBXBuildFile; fileRef = 42DB949D2BF4BC7A00ECDD84 /* StartViewModel.swift */; };
		42DB94A02BF503A300ECDD84 /* UserDefaultsDataModel.swift in Sources */ = {isa = PBXBuildFile; fileRef = 42DB949F2BF503A300ECDD84 /* UserDefaultsDataModel.swift */; };
		42DB94A22BF5DB5100ECDD84 /* CockPostViewModel.swift in Sources */ = {isa = PBXBuildFile; fileRef = 42DB94A12BF5DB5100ECDD84 /* CockPostViewModel.swift */; };
		42DB94A42BF662E600ECDD84 /* CameraView.swift in Sources */ = {isa = PBXBuildFile; fileRef = 42DB94A32BF662E600ECDD84 /* CameraView.swift */; };
		42DB94A62BF6E39D00ECDD84 /* StrokeIconButtonUI.swift in Sources */ = {isa = PBXBuildFile; fileRef = 42DB94A52BF6E39D00ECDD84 /* StrokeIconButtonUI.swift */; };
		42E538912C720BCA000B6D49 /* FirebaseMessaging in Frameworks */ = {isa = PBXBuildFile; productRef = 42E538902C720BCA000B6D49 /* FirebaseMessaging */; };
		42E538932C7230AE000B6D49 /* Data+.swift in Sources */ = {isa = PBXBuildFile; fileRef = 42E538922C7230AE000B6D49 /* Data+.swift */; };
		DD7EEF3E2C772D9D000AEB22 /* Entities.swift in Sources */ = {isa = PBXBuildFile; fileRef = DD7EEF3D2C772D9D000AEB22 /* Entities.swift */; };
		DD7EEF402C772DDE000AEB22 /* UseCase.swift in Sources */ = {isa = PBXBuildFile; fileRef = DD7EEF3F2C772DDE000AEB22 /* UseCase.swift */; };
		DD7EEF422C7730B0000AEB22 /* InterfaceAdapters.swift in Sources */ = {isa = PBXBuildFile; fileRef = DD7EEF412C7730B0000AEB22 /* InterfaceAdapters.swift */; };
		DD7EEF442C7737E6000AEB22 /* LogEventViewModel.swift in Sources */ = {isa = PBXBuildFile; fileRef = DD7EEF432C7737E6000AEB22 /* LogEventViewModel.swift */; };
		DD8A83702CAA9C7200626748 /* FirebaseLog.swift in Sources */ = {isa = PBXBuildFile; fileRef = DD8A836F2CAA9C7200626748 /* FirebaseLog.swift */; };
/* End PBXBuildFile section */

/* Begin PBXFileReference section */
		4212EC032C0D851E0015EF20 /* LikeButtonView.swift */ = {isa = PBXFileReference; lastKnownFileType = sourcecode.swift; path = LikeButtonView.swift; sourceTree = "<group>"; };
		4212EC052C0EAD340015EF20 /* ReportElement.swift */ = {isa = PBXFileReference; lastKnownFileType = sourcecode.swift; path = ReportElement.swift; sourceTree = "<group>"; };
		4212EC072C0ECF140015EF20 /* ReportDataModel.swift */ = {isa = PBXFileReference; lastKnownFileType = sourcecode.swift; path = ReportDataModel.swift; sourceTree = "<group>"; };
		4212EC092C0EF4170015EF20 /* OptionsView.swift */ = {isa = PBXFileReference; lastKnownFileType = sourcecode.swift; path = OptionsView.swift; sourceTree = "<group>"; };
		42164E242C1EB9DE00510C99 /* AdvertisementBarView.swift */ = {isa = PBXFileReference; lastKnownFileType = sourcecode.swift; path = AdvertisementBarView.swift; sourceTree = "<group>"; };
		421A53992C05705C00795317 /* MyProfileEditView.swift */ = {isa = PBXFileReference; lastKnownFileType = sourcecode.swift; path = MyProfileEditView.swift; sourceTree = "<group>"; };
		422C69C12BED1C570012FB8F /* CockDive.app */ = {isa = PBXFileReference; explicitFileType = wrapper.application; includeInIndex = 0; path = CockDive.app; sourceTree = BUILT_PRODUCTS_DIR; };
		422C69C42BED1C570012FB8F /* CockDiveApp.swift */ = {isa = PBXFileReference; lastKnownFileType = sourcecode.swift; path = CockDiveApp.swift; sourceTree = "<group>"; };
		422C69C62BED1C570012FB8F /* Persistence.swift */ = {isa = PBXFileReference; lastKnownFileType = sourcecode.swift; path = Persistence.swift; sourceTree = "<group>"; };
		422C69C92BED1C570012FB8F /* CockDive.xcdatamodel */ = {isa = PBXFileReference; lastKnownFileType = wrapper.xcdatamodel; path = CockDive.xcdatamodel; sourceTree = "<group>"; };
		422C69CD2BED1C590012FB8F /* Assets.xcassets */ = {isa = PBXFileReference; lastKnownFileType = folder.assetcatalog; path = Assets.xcassets; sourceTree = "<group>"; };
		422C69CF2BED1C590012FB8F /* CockDive.entitlements */ = {isa = PBXFileReference; lastKnownFileType = text.plist.entitlements; path = CockDive.entitlements; sourceTree = "<group>"; };
		422C69D12BED1C590012FB8F /* Preview Assets.xcassets */ = {isa = PBXFileReference; lastKnownFileType = folder.assetcatalog; path = "Preview Assets.xcassets"; sourceTree = "<group>"; };
		422C69D82BED1FE10012FB8F /* CockCardView.swift */ = {isa = PBXFileReference; lastKnownFileType = sourcecode.swift; path = CockCardView.swift; sourceTree = "<group>"; };
		422EFAA52C05C4C9000DE24C /* NameRegistrationView.swift */ = {isa = PBXFileReference; lastKnownFileType = sourcecode.swift; path = NameRegistrationView.swift; sourceTree = "<group>"; };
		422EFAA72C05C4D5000DE24C /* IconRegistrationView.swift */ = {isa = PBXFileReference; lastKnownFileType = sourcecode.swift; path = IconRegistrationView.swift; sourceTree = "<group>"; };
		422EFAA92C05C999000DE24C /* PhotosPickerItem+.swift */ = {isa = PBXFileReference; lastKnownFileType = sourcecode.swift; path = "PhotosPickerItem+.swift"; sourceTree = "<group>"; };
		422EFAAB2C05CA39000DE24C /* UIImage+.swift */ = {isa = PBXFileReference; lastKnownFileType = sourcecode.swift; path = "UIImage+.swift"; sourceTree = "<group>"; };
		422EFAAD2C05F1AD000DE24C /* MyProfileEditViewModel.swift */ = {isa = PBXFileReference; lastKnownFileType = sourcecode.swift; path = MyProfileEditViewModel.swift; sourceTree = "<group>"; };
		422EFAB12C061E44000DE24C /* SettingViewModel.swift */ = {isa = PBXFileReference; lastKnownFileType = sourcecode.swift; path = SettingViewModel.swift; sourceTree = "<group>"; };
		422EFAB32C077DD5000DE24C /* WebView.swift */ = {isa = PBXFileReference; lastKnownFileType = sourcecode.swift; path = WebView.swift; sourceTree = "<group>"; };
		422EFAB52C08013E000DE24C /* BlockListViewModel.swift */ = {isa = PBXFileReference; lastKnownFileType = sourcecode.swift; path = BlockListViewModel.swift; sourceTree = "<group>"; };
		422EFABD2C08974E000DE24C /* String+.swift */ = {isa = PBXFileReference; lastKnownFileType = sourcecode.swift; path = "String+.swift"; sourceTree = "<group>"; };
		422EFAC12C0C3AAB000DE24C /* PostCommentViewModel.swift */ = {isa = PBXFileReference; lastKnownFileType = sourcecode.swift; path = PostCommentViewModel.swift; sourceTree = "<group>"; };
		422EFAC32C0C8682000DE24C /* ImageView.swift */ = {isa = PBXFileReference; lastKnownFileType = sourcecode.swift; path = ImageView.swift; sourceTree = "<group>"; };
		42370F452C19AC13008B577C /* AdvertisementView.swift */ = {isa = PBXFileReference; lastKnownFileType = sourcecode.swift; path = AdvertisementView.swift; sourceTree = "<group>"; };
		423B2A872BF8395300489BCC /* UserFriendModel.swift */ = {isa = PBXFileReference; lastKnownFileType = sourcecode.swift; path = UserFriendModel.swift; sourceTree = "<group>"; };
		423B2A892BF8605800489BCC /* UserPostDataModel.swift */ = {isa = PBXFileReference; lastKnownFileType = sourcecode.swift; path = UserPostDataModel.swift; sourceTree = "<group>"; };
		423B2A8B2BF86CDB00489BCC /* CommentDataModel.swift */ = {isa = PBXFileReference; lastKnownFileType = sourcecode.swift; path = CommentDataModel.swift; sourceTree = "<group>"; };
		423B2A8D2BF8994000489BCC /* PostDetailViewModel.swift */ = {isa = PBXFileReference; lastKnownFileType = sourcecode.swift; path = PostDetailViewModel.swift; sourceTree = "<group>"; };
		423B2A8F2BFA050B00489BCC /* AddPostViewModel.swift */ = {isa = PBXFileReference; lastKnownFileType = sourcecode.swift; path = AddPostViewModel.swift; sourceTree = "<group>"; };
		423B2A912BFA293C00489BCC /* UIApplication+.swift */ = {isa = PBXFileReference; lastKnownFileType = sourcecode.swift; path = "UIApplication+.swift"; sourceTree = "<group>"; };
		42446AB12C214CE500AE39F3 /* MainColorEditView.swift */ = {isa = PBXFileReference; lastKnownFileType = sourcecode.swift; path = MainColorEditView.swift; sourceTree = "<group>"; };
		42446AB32C21566E00AE39F3 /* UserDefaultsColorModel.swift */ = {isa = PBXFileReference; lastKnownFileType = sourcecode.swift; path = UserDefaultsColorModel.swift; sourceTree = "<group>"; };
		42446AB52C21E62A00AE39F3 /* MainColorEditViewModel.swift */ = {isa = PBXFileReference; lastKnownFileType = sourcecode.swift; path = MainColorEditViewModel.swift; sourceTree = "<group>"; };
		4253F6112BFDE1310067BF14 /* LoadingAnimationView.swift */ = {isa = PBXFileReference; lastKnownFileType = sourcecode.swift; path = LoadingAnimationView.swift; sourceTree = "<group>"; };
		4253F6132BFDEB890067BF14 /* HapticsManager.swift */ = {isa = PBXFileReference; lastKnownFileType = sourcecode.swift; path = HapticsManager.swift; sourceTree = "<group>"; };
		4253F6162BFE00DF0067BF14 /* ProfileView.swift */ = {isa = PBXFileReference; lastKnownFileType = sourcecode.swift; path = ProfileView.swift; sourceTree = "<group>"; };
		4253F6182BFE0ECA0067BF14 /* ProfileViewModel.swift */ = {isa = PBXFileReference; lastKnownFileType = sourcecode.swift; path = ProfileViewModel.swift; sourceTree = "<group>"; };
		4253F61A2BFEBA840067BF14 /* MyPostModel+CoreDataClass.swift */ = {isa = PBXFileReference; lastKnownFileType = sourcecode.swift; path = "MyPostModel+CoreDataClass.swift"; sourceTree = "<group>"; };
		4253F61B2BFEBA840067BF14 /* MyPostModel+CoreDataProperties.swift */ = {isa = PBXFileReference; lastKnownFileType = sourcecode.swift; path = "MyPostModel+CoreDataProperties.swift"; sourceTree = "<group>"; };
		4253F61C2BFEBA840067BF14 /* MyDataModel+CoreDataClass.swift */ = {isa = PBXFileReference; lastKnownFileType = sourcecode.swift; path = "MyDataModel+CoreDataClass.swift"; sourceTree = "<group>"; };
		4253F61D2BFEBA840067BF14 /* MyDataModel+CoreDataProperties.swift */ = {isa = PBXFileReference; lastKnownFileType = sourcecode.swift; path = "MyDataModel+CoreDataProperties.swift"; sourceTree = "<group>"; };
		4253F6232C006D730067BF14 /* MyDataCoreDataManager.swift */ = {isa = PBXFileReference; lastKnownFileType = sourcecode.swift; path = MyDataCoreDataManager.swift; sourceTree = "<group>"; };
		4253F6252C00E0A00067BF14 /* MyPostCoreDataManager.swift */ = {isa = PBXFileReference; lastKnownFileType = sourcecode.swift; path = MyPostCoreDataManager.swift; sourceTree = "<group>"; };
		4253F6292C023F3D0067BF14 /* ProfileHeaderView.swift */ = {isa = PBXFileReference; lastKnownFileType = sourcecode.swift; path = ProfileHeaderView.swift; sourceTree = "<group>"; };
		4253F62B2C023F8E0067BF14 /* FollowButtonView.swift */ = {isa = PBXFileReference; lastKnownFileType = sourcecode.swift; path = FollowButtonView.swift; sourceTree = "<group>"; };
		4253F62D2C02422A0067BF14 /* MyPageViewModel.swift */ = {isa = PBXFileReference; lastKnownFileType = sourcecode.swift; path = MyPageViewModel.swift; sourceTree = "<group>"; };
		4253F62F2C02E6CF0067BF14 /* MyPageHeaderView.swift */ = {isa = PBXFileReference; lastKnownFileType = sourcecode.swift; path = MyPageHeaderView.swift; sourceTree = "<group>"; };
		4253F6332C02FAE90067BF14 /* SwipeableTabView.swift */ = {isa = PBXFileReference; lastKnownFileType = sourcecode.swift; path = SwipeableTabView.swift; sourceTree = "<group>"; };
		4253F6352C047F780067BF14 /* LikePostModel+CoreDataClass.swift */ = {isa = PBXFileReference; lastKnownFileType = sourcecode.swift; path = "LikePostModel+CoreDataClass.swift"; sourceTree = "<group>"; };
		4253F6362C047F780067BF14 /* LikePostModel+CoreDataProperties.swift */ = {isa = PBXFileReference; lastKnownFileType = sourcecode.swift; path = "LikePostModel+CoreDataProperties.swift"; sourceTree = "<group>"; };
		4253F6392C047FD20067BF14 /* LikePostCoreDataManager.swift */ = {isa = PBXFileReference; lastKnownFileType = sourcecode.swift; path = LikePostCoreDataManager.swift; sourceTree = "<group>"; };
		4298D8402BEDA30C005AB08F /* CockPostView.swift */ = {isa = PBXFileReference; lastKnownFileType = sourcecode.swift; path = CockPostView.swift; sourceTree = "<group>"; };
		4298D8452BEDE782005AB08F /* MyPageView.swift */ = {isa = PBXFileReference; lastKnownFileType = sourcecode.swift; path = MyPageView.swift; sourceTree = "<group>"; };
		4298D8472BEE6C35005AB08F /* AddPostView.swift */ = {isa = PBXFileReference; lastKnownFileType = sourcecode.swift; path = AddPostView.swift; sourceTree = "<group>"; };
		4298D84A2BEF4E40005AB08F /* Color+.swift */ = {isa = PBXFileReference; lastKnownFileType = sourcecode.swift; path = "Color+.swift"; sourceTree = "<group>"; };
		4298D84D2BEF4FCA005AB08F /* LongBarButton.swift */ = {isa = PBXFileReference; lastKnownFileType = sourcecode.swift; path = LongBarButton.swift; sourceTree = "<group>"; };
		4298D8552BF0984E005AB08F /* ImageCalendarView.swift */ = {isa = PBXFileReference; lastKnownFileType = sourcecode.swift; path = ImageCalendarView.swift; sourceTree = "<group>"; };
		4298D8572BF0A908005AB08F /* Date+.swift */ = {isa = PBXFileReference; lastKnownFileType = sourcecode.swift; path = "Date+.swift"; sourceTree = "<group>"; };
		4298D8592BF0BD8C005AB08F /* SmallImageView.swift */ = {isa = PBXFileReference; lastKnownFileType = sourcecode.swift; path = SmallImageView.swift; sourceTree = "<group>"; };
		4298D85B2BF0DD3B005AB08F /* StrokeButtonUI.swift */ = {isa = PBXFileReference; lastKnownFileType = sourcecode.swift; path = StrokeButtonUI.swift; sourceTree = "<group>"; };
		4298D85E2BF101C4005AB08F /* SettingView.swift */ = {isa = PBXFileReference; lastKnownFileType = sourcecode.swift; path = SettingView.swift; sourceTree = "<group>"; };
		4298D8612BF10693005AB08F /* NewsView.swift */ = {isa = PBXFileReference; lastKnownFileType = sourcecode.swift; path = NewsView.swift; sourceTree = "<group>"; };
		4298D8632BF106BD005AB08F /* PrivacyPolicyView.swift */ = {isa = PBXFileReference; lastKnownFileType = sourcecode.swift; path = PrivacyPolicyView.swift; sourceTree = "<group>"; };
		4298D8652BF1071B005AB08F /* TermsOfServiceView.swift */ = {isa = PBXFileReference; lastKnownFileType = sourcecode.swift; path = TermsOfServiceView.swift; sourceTree = "<group>"; };
		4298D8672BF1073D005AB08F /* BlockListView.swift */ = {isa = PBXFileReference; lastKnownFileType = sourcecode.swift; path = BlockListView.swift; sourceTree = "<group>"; };
		4298D8692BF1075B005AB08F /* ContactView.swift */ = {isa = PBXFileReference; lastKnownFileType = sourcecode.swift; path = ContactView.swift; sourceTree = "<group>"; };
		4298D86B2BF107C4005AB08F /* LogoutView.swift */ = {isa = PBXFileReference; lastKnownFileType = sourcecode.swift; path = LogoutView.swift; sourceTree = "<group>"; };
		4298D86D2BF107DB005AB08F /* DeleteAccountView.swift */ = {isa = PBXFileReference; lastKnownFileType = sourcecode.swift; path = DeleteAccountView.swift; sourceTree = "<group>"; };
		4298D86F2BF116CD005AB08F /* NavigationLinkButtonView.swift */ = {isa = PBXFileReference; lastKnownFileType = sourcecode.swift; path = NavigationLinkButtonView.swift; sourceTree = "<group>"; };
		4298D8732BF12260005AB08F /* ToolBarBackButtonView.swift */ = {isa = PBXFileReference; lastKnownFileType = sourcecode.swift; path = ToolBarBackButtonView.swift; sourceTree = "<group>"; };
		4298D8752BF2050D005AB08F /* ToolBarAddButtonView.swift */ = {isa = PBXFileReference; lastKnownFileType = sourcecode.swift; path = ToolBarAddButtonView.swift; sourceTree = "<group>"; };
		42A1C7B42C0CDDC30036AC0E /* SignInWithAppleObject.swift */ = {isa = PBXFileReference; lastKnownFileType = sourcecode.swift; path = SignInWithAppleObject.swift; sourceTree = "<group>"; };
		42C02AC52BF79077000D7CE4 /* SectioinTitleView.swift */ = {isa = PBXFileReference; lastKnownFileType = sourcecode.swift; path = SectioinTitleView.swift; sourceTree = "<group>"; };
		42C02AC92BF7A851000D7CE4 /* CockCardViewModel.swift */ = {isa = PBXFileReference; lastKnownFileType = sourcecode.swift; path = CockCardViewModel.swift; sourceTree = "<group>"; };
		42D07BEA2C6220080067450F /* MochiyPopOne-Regular.ttf */ = {isa = PBXFileReference; lastKnownFileType = file; path = "MochiyPopOne-Regular.ttf"; sourceTree = "<group>"; };
		42D07BEC2C6239620067450F /* Font+.swift */ = {isa = PBXFileReference; lastKnownFileType = sourcecode.swift; path = "Font+.swift"; sourceTree = "<group>"; };
		42DB94592BF20B5A00ECDD84 /* PostDetailView.swift */ = {isa = PBXFileReference; lastKnownFileType = sourcecode.swift; path = PostDetailView.swift; sourceTree = "<group>"; };
		42DB945B2BF20B7600ECDD84 /* PostCommentView.swift */ = {isa = PBXFileReference; lastKnownFileType = sourcecode.swift; path = PostCommentView.swift; sourceTree = "<group>"; };
		42DB945D2BF248D500ECDD84 /* DynamicHeightTextEditorView.swift */ = {isa = PBXFileReference; lastKnownFileType = sourcecode.swift; path = DynamicHeightTextEditorView.swift; sourceTree = "<group>"; };
		42DB945F2BF2562E00ECDD84 /* DynamicHeightCommentView.swift */ = {isa = PBXFileReference; lastKnownFileType = sourcecode.swift; path = DynamicHeightCommentView.swift; sourceTree = "<group>"; };
		42DB94622BF2F8E600ECDD84 /* SignInView.swift */ = {isa = PBXFileReference; lastKnownFileType = sourcecode.swift; path = SignInView.swift; sourceTree = "<group>"; };
		42DB947A2BF3187300ECDD84 /* StartView.swift */ = {isa = PBXFileReference; lastKnownFileType = sourcecode.swift; path = StartView.swift; sourceTree = "<group>"; };
		42DB947C2BF323FD00ECDD84 /* GoogleService-Info.plist */ = {isa = PBXFileReference; fileEncoding = 4; lastKnownFileType = text.plist.xml; path = "GoogleService-Info.plist"; sourceTree = "<group>"; };
		42DB947E2BF3244D00ECDD84 /* Info.plist */ = {isa = PBXFileReference; lastKnownFileType = text.plist; path = Info.plist; sourceTree = "<group>"; };
		42DB94812BF328F300ECDD84 /* AuthenticationManager.swift */ = {isa = PBXFileReference; lastKnownFileType = sourcecode.swift; path = AuthenticationManager.swift; sourceTree = "<group>"; };
		42DB94832BF329BE00ECDD84 /* FirebaseAuthUIView.swift */ = {isa = PBXFileReference; lastKnownFileType = sourcecode.swift; path = FirebaseAuthUIView.swift; sourceTree = "<group>"; };
		42DB94872BF3C30000ECDD84 /* MainTabView.swift */ = {isa = PBXFileReference; lastKnownFileType = sourcecode.swift; path = MainTabView.swift; sourceTree = "<group>"; };
		42DB948B2BF4603E00ECDD84 /* UserElement.swift */ = {isa = PBXFileReference; lastKnownFileType = sourcecode.swift; path = UserElement.swift; sourceTree = "<group>"; };
		42DB948E2BF470E100ECDD84 /* PostElement.swift */ = {isa = PBXFileReference; lastKnownFileType = sourcecode.swift; path = PostElement.swift; sourceTree = "<group>"; };
		42DB94902BF470EB00ECDD84 /* CommentElement.swift */ = {isa = PBXFileReference; lastKnownFileType = sourcecode.swift; path = CommentElement.swift; sourceTree = "<group>"; };
		42DB94922BF48A5200ECDD84 /* UserDataModel.swift */ = {isa = PBXFileReference; lastKnownFileType = sourcecode.swift; path = UserDataModel.swift; sourceTree = "<group>"; };
		42DB94942BF48A5E00ECDD84 /* PostDataModel.swift */ = {isa = PBXFileReference; lastKnownFileType = sourcecode.swift; path = PostDataModel.swift; sourceTree = "<group>"; };
		42DB94992BF4A2AE00ECDD84 /* UserFriendElement.swift */ = {isa = PBXFileReference; lastKnownFileType = sourcecode.swift; path = UserFriendElement.swift; sourceTree = "<group>"; };
		42DB949B2BF4A2D100ECDD84 /* UserPostElement.swift */ = {isa = PBXFileReference; lastKnownFileType = sourcecode.swift; path = UserPostElement.swift; sourceTree = "<group>"; };
		42DB949D2BF4BC7A00ECDD84 /* StartViewModel.swift */ = {isa = PBXFileReference; lastKnownFileType = sourcecode.swift; path = StartViewModel.swift; sourceTree = "<group>"; };
		42DB949F2BF503A300ECDD84 /* UserDefaultsDataModel.swift */ = {isa = PBXFileReference; lastKnownFileType = sourcecode.swift; path = UserDefaultsDataModel.swift; sourceTree = "<group>"; };
		42DB94A12BF5DB5100ECDD84 /* CockPostViewModel.swift */ = {isa = PBXFileReference; lastKnownFileType = sourcecode.swift; path = CockPostViewModel.swift; sourceTree = "<group>"; };
		42DB94A32BF662E600ECDD84 /* CameraView.swift */ = {isa = PBXFileReference; lastKnownFileType = sourcecode.swift; path = CameraView.swift; sourceTree = "<group>"; };
		42DB94A52BF6E39D00ECDD84 /* StrokeIconButtonUI.swift */ = {isa = PBXFileReference; lastKnownFileType = sourcecode.swift; path = StrokeIconButtonUI.swift; sourceTree = "<group>"; };
		42E538922C7230AE000B6D49 /* Data+.swift */ = {isa = PBXFileReference; lastKnownFileType = sourcecode.swift; path = "Data+.swift"; sourceTree = "<group>"; };
		DD7EEF3D2C772D9D000AEB22 /* Entities.swift */ = {isa = PBXFileReference; lastKnownFileType = sourcecode.swift; path = Entities.swift; sourceTree = "<group>"; };
		DD7EEF3F2C772DDE000AEB22 /* UseCase.swift */ = {isa = PBXFileReference; lastKnownFileType = sourcecode.swift; path = UseCase.swift; sourceTree = "<group>"; };
		DD7EEF412C7730B0000AEB22 /* InterfaceAdapters.swift */ = {isa = PBXFileReference; lastKnownFileType = sourcecode.swift; path = InterfaceAdapters.swift; sourceTree = "<group>"; };
		DD7EEF432C7737E6000AEB22 /* LogEventViewModel.swift */ = {isa = PBXFileReference; lastKnownFileType = sourcecode.swift; path = LogEventViewModel.swift; sourceTree = "<group>"; };
		DD8A836F2CAA9C7200626748 /* FirebaseLog.swift */ = {isa = PBXFileReference; lastKnownFileType = sourcecode.swift; path = FirebaseLog.swift; sourceTree = "<group>"; };
/* End PBXFileReference section */

/* Begin PBXFrameworksBuildPhase section */
		422C69BE2BED1C570012FB8F /* Frameworks */ = {
			isa = PBXFrameworksBuildPhase;
			buildActionMask = 2147483647;
			files = (
				42E538912C720BCA000B6D49 /* FirebaseMessaging in Frameworks */,
				42DB94702BF3001000ECDD84 /* FirebaseAuth in Frameworks */,
				42164E272C1F333000510C99 /* FirebaseAnonymousAuthUI in Frameworks */,
				42DB94752BF3009800ECDD84 /* FirebaseAuthUI in Frameworks */,
				42164E2D2C1F333000510C99 /* FirebaseFacebookAuthUI in Frameworks */,
				42DB94792BF3009900ECDD84 /* FirebaseOAuthUI in Frameworks */,
				42DB94772BF3009900ECDD84 /* FirebaseGoogleAuthUI in Frameworks */,
				42164E2F2C1F37B400510C99 /* FirebaseAnalytics in Frameworks */,
				42164E312C1F37B400510C99 /* FirebaseAnalyticsOnDeviceConversion in Frameworks */,
				42DB94722BF3001000ECDD84 /* FirebaseFirestore in Frameworks */,
				42164E2B2C1F333000510C99 /* FirebaseEmailAuthUI in Frameworks */,
				42164E352C1F37B400510C99 /* FirebaseAnalyticsWithoutAdIdSupport in Frameworks */,
				42164E292C1F333000510C99 /* FirebaseDatabaseUI in Frameworks */,
				42164E372C1F37B400510C99 /* FirebaseAppCheck in Frameworks */,
				42DB94982BF48C7C00ECDD84 /* FirebaseStorage in Frameworks */,
			);
			runOnlyForDeploymentPostprocessing = 0;
		};
/* End PBXFrameworksBuildPhase section */

/* Begin PBXGroup section */
		422C69B82BED1C570012FB8F = {
			isa = PBXGroup;
			children = (
				422C69C32BED1C570012FB8F /* CockDive */,
				422C69C22BED1C570012FB8F /* Products */,
				42DB94962BF48C5C00ECDD84 /* Frameworks */,
			);
			sourceTree = "<group>";
		};
		422C69C22BED1C570012FB8F /* Products */ = {
			isa = PBXGroup;
			children = (
				422C69C12BED1C570012FB8F /* CockDive.app */,
			);
			name = Products;
			sourceTree = "<group>";
		};
		422C69C32BED1C570012FB8F /* CockDive */ = {
			isa = PBXGroup;
			children = (
				42DB947E2BF3244D00ECDD84 /* Info.plist */,
				422C69C42BED1C570012FB8F /* CockDiveApp.swift */,
				4298D8422BEDDD65005AB08F /* View */,
				42DB947F2BF3280C00ECDD84 /* ViewModel */,
				42DB94802BF3282D00ECDD84 /* Model */,
				4298D8492BEF4E1D005AB08F /* Extantions */,
				DD7EEF3C2C772D18000AEB22 /* AnalyticsEvent */,
				DD8A83712CAA9CAD00626748 /* Log */,
				422C69CD2BED1C590012FB8F /* Assets.xcassets */,
				42D07BEA2C6220080067450F /* MochiyPopOne-Regular.ttf */,
				42DB947C2BF323FD00ECDD84 /* GoogleService-Info.plist */,
				422C69CF2BED1C590012FB8F /* CockDive.entitlements */,
				422C69C82BED1C570012FB8F /* CockDive.xcdatamodeld */,
				422C69D02BED1C590012FB8F /* Preview Content */,
			);
			path = CockDive;
			sourceTree = "<group>";
		};
		422C69D02BED1C590012FB8F /* Preview Content */ = {
			isa = PBXGroup;
			children = (
				422C69D12BED1C590012FB8F /* Preview Assets.xcassets */,
			);
			path = "Preview Content";
			sourceTree = "<group>";
		};
		42370F442C19AA61008B577C /* AdvertisementViews */ = {
			isa = PBXGroup;
			children = (
				42370F452C19AC13008B577C /* AdvertisementView.swift */,
				42164E242C1EB9DE00510C99 /* AdvertisementBarView.swift */,
			);
			path = AdvertisementViews;
			sourceTree = "<group>";
		};
		4253F6152BFE00B00067BF14 /* ProfileViews */ = {
			isa = PBXGroup;
			children = (
				4253F6162BFE00DF0067BF14 /* ProfileView.swift */,
				4253F6292C023F3D0067BF14 /* ProfileHeaderView.swift */,
				4253F62B2C023F8E0067BF14 /* FollowButtonView.swift */,
			);
			path = ProfileViews;
			sourceTree = "<group>";
		};
		4253F6222BFEC2870067BF14 /* CoreData */ = {
			isa = PBXGroup;
			children = (
				422C69C62BED1C570012FB8F /* Persistence.swift */,
				4253F6232C006D730067BF14 /* MyDataCoreDataManager.swift */,
				4253F6252C00E0A00067BF14 /* MyPostCoreDataManager.swift */,
				4253F6392C047FD20067BF14 /* LikePostCoreDataManager.swift */,
				4253F61A2BFEBA840067BF14 /* MyPostModel+CoreDataClass.swift */,
				4253F61B2BFEBA840067BF14 /* MyPostModel+CoreDataProperties.swift */,
				4253F61C2BFEBA840067BF14 /* MyDataModel+CoreDataClass.swift */,
				4253F61D2BFEBA840067BF14 /* MyDataModel+CoreDataProperties.swift */,
				4253F6352C047F780067BF14 /* LikePostModel+CoreDataClass.swift */,
				4253F6362C047F780067BF14 /* LikePostModel+CoreDataProperties.swift */,
			);
			path = CoreData;
			sourceTree = "<group>";
		};
		4298D8422BEDDD65005AB08F /* View */ = {
			isa = PBXGroup;
			children = (
				42DB947A2BF3187300ECDD84 /* StartView.swift */,
				42DB94872BF3C30000ECDD84 /* MainTabView.swift */,
				42DB94612BF2F8C100ECDD84 /* StartViews */,
				4298D8602BF101FF005AB08F /* CockPostViews */,
				4298D8542BF097BA005AB08F /* MyPageViews */,
				4298D85D2BF10194005AB08F /* SettingViews */,
				4253F6152BFE00B00067BF14 /* ProfileViews */,
				42370F442C19AA61008B577C /* AdvertisementViews */,
				4298D84F2BEF50CE005AB08F /* ViewComponent */,
			);
			path = View;
			sourceTree = "<group>";
		};
		4298D8492BEF4E1D005AB08F /* Extantions */ = {
			isa = PBXGroup;
			children = (
				4298D84A2BEF4E40005AB08F /* Color+.swift */,
				4298D8572BF0A908005AB08F /* Date+.swift */,
				423B2A912BFA293C00489BCC /* UIApplication+.swift */,
				422EFAA92C05C999000DE24C /* PhotosPickerItem+.swift */,
				422EFAAB2C05CA39000DE24C /* UIImage+.swift */,
				42E538922C7230AE000B6D49 /* Data+.swift */,
				422EFABD2C08974E000DE24C /* String+.swift */,
				42D07BEC2C6239620067450F /* Font+.swift */,
			);
			path = Extantions;
			sourceTree = "<group>";
		};
		4298D84F2BEF50CE005AB08F /* ViewComponent */ = {
			isa = PBXGroup;
			children = (
				4298D84D2BEF4FCA005AB08F /* LongBarButton.swift */,
				4298D85B2BF0DD3B005AB08F /* StrokeButtonUI.swift */,
				42DB94A52BF6E39D00ECDD84 /* StrokeIconButtonUI.swift */,
				4298D86F2BF116CD005AB08F /* NavigationLinkButtonView.swift */,
				4298D8732BF12260005AB08F /* ToolBarBackButtonView.swift */,
				4298D8752BF2050D005AB08F /* ToolBarAddButtonView.swift */,
				42C02AC52BF79077000D7CE4 /* SectioinTitleView.swift */,
				42DB945D2BF248D500ECDD84 /* DynamicHeightTextEditorView.swift */,
				42DB945F2BF2562E00ECDD84 /* DynamicHeightCommentView.swift */,
				42DB94A32BF662E600ECDD84 /* CameraView.swift */,
				4253F6112BFDE1310067BF14 /* LoadingAnimationView.swift */,
				422EFAB32C077DD5000DE24C /* WebView.swift */,
				422EFAC32C0C8682000DE24C /* ImageView.swift */,
				4212EC032C0D851E0015EF20 /* LikeButtonView.swift */,
				4212EC092C0EF4170015EF20 /* OptionsView.swift */,
			);
			path = ViewComponent;
			sourceTree = "<group>";
		};
		4298D8542BF097BA005AB08F /* MyPageViews */ = {
			isa = PBXGroup;
			children = (
				4298D8452BEDE782005AB08F /* MyPageView.swift */,
				4253F62F2C02E6CF0067BF14 /* MyPageHeaderView.swift */,
				4298D8552BF0984E005AB08F /* ImageCalendarView.swift */,
				4298D8592BF0BD8C005AB08F /* SmallImageView.swift */,
				4253F6332C02FAE90067BF14 /* SwipeableTabView.swift */,
			);
			path = MyPageViews;
			sourceTree = "<group>";
		};
		4298D85D2BF10194005AB08F /* SettingViews */ = {
			isa = PBXGroup;
			children = (
				4298D85E2BF101C4005AB08F /* SettingView.swift */,
				421A53992C05705C00795317 /* MyProfileEditView.swift */,
				42446AB12C214CE500AE39F3 /* MainColorEditView.swift */,
				4298D8612BF10693005AB08F /* NewsView.swift */,
				4298D8632BF106BD005AB08F /* PrivacyPolicyView.swift */,
				4298D8652BF1071B005AB08F /* TermsOfServiceView.swift */,
				4298D8672BF1073D005AB08F /* BlockListView.swift */,
				4298D8692BF1075B005AB08F /* ContactView.swift */,
				4298D86B2BF107C4005AB08F /* LogoutView.swift */,
				4298D86D2BF107DB005AB08F /* DeleteAccountView.swift */,
			);
			path = SettingViews;
			sourceTree = "<group>";
		};
		4298D8602BF101FF005AB08F /* CockPostViews */ = {
			isa = PBXGroup;
			children = (
				4298D8402BEDA30C005AB08F /* CockPostView.swift */,
				422C69D82BED1FE10012FB8F /* CockCardView.swift */,
				4298D8472BEE6C35005AB08F /* AddPostView.swift */,
				42DB94582BF20AE600ECDD84 /* PostDetailView */,
			);
			path = CockPostViews;
			sourceTree = "<group>";
		};
		42DB94582BF20AE600ECDD84 /* PostDetailView */ = {
			isa = PBXGroup;
			children = (
				42DB94592BF20B5A00ECDD84 /* PostDetailView.swift */,
				42DB945B2BF20B7600ECDD84 /* PostCommentView.swift */,
			);
			path = PostDetailView;
			sourceTree = "<group>";
		};
		42DB94612BF2F8C100ECDD84 /* StartViews */ = {
			isa = PBXGroup;
			children = (
				42DB94622BF2F8E600ECDD84 /* SignInView.swift */,
				422EFAA52C05C4C9000DE24C /* NameRegistrationView.swift */,
				422EFAA72C05C4D5000DE24C /* IconRegistrationView.swift */,
				42DB94832BF329BE00ECDD84 /* FirebaseAuthUIView.swift */,
			);
			path = StartViews;
			sourceTree = "<group>";
		};
		42DB947F2BF3280C00ECDD84 /* ViewModel */ = {
			isa = PBXGroup;
			children = (
				4253F6132BFDEB890067BF14 /* HapticsManager.swift */,
				42DB94812BF328F300ECDD84 /* AuthenticationManager.swift */,
				42A1C7B42C0CDDC30036AC0E /* SignInWithAppleObject.swift */,
				42DB949D2BF4BC7A00ECDD84 /* StartViewModel.swift */,
				42DB94A12BF5DB5100ECDD84 /* CockPostViewModel.swift */,
				423B2A8F2BFA050B00489BCC /* AddPostViewModel.swift */,
				42C02AC92BF7A851000D7CE4 /* CockCardViewModel.swift */,
				423B2A8D2BF8994000489BCC /* PostDetailViewModel.swift */,
				4253F6182BFE0ECA0067BF14 /* ProfileViewModel.swift */,
				4253F62D2C02422A0067BF14 /* MyPageViewModel.swift */,
				422EFAAD2C05F1AD000DE24C /* MyProfileEditViewModel.swift */,
				422EFAB12C061E44000DE24C /* SettingViewModel.swift */,
				422EFAB52C08013E000DE24C /* BlockListViewModel.swift */,
				422EFAC12C0C3AAB000DE24C /* PostCommentViewModel.swift */,
				42446AB52C21E62A00AE39F3 /* MainColorEditViewModel.swift */,
			);
			path = ViewModel;
			sourceTree = "<group>";
		};
		42DB94802BF3282D00ECDD84 /* Model */ = {
			isa = PBXGroup;
			children = (
				42DB948D2BF470B600ECDD84 /* Element */,
				42DB94922BF48A5200ECDD84 /* UserDataModel.swift */,
				423B2A872BF8395300489BCC /* UserFriendModel.swift */,
				423B2A892BF8605800489BCC /* UserPostDataModel.swift */,
				42DB94942BF48A5E00ECDD84 /* PostDataModel.swift */,
				423B2A8B2BF86CDB00489BCC /* CommentDataModel.swift */,
				4212EC072C0ECF140015EF20 /* ReportDataModel.swift */,
				42DB949F2BF503A300ECDD84 /* UserDefaultsDataModel.swift */,
				42446AB32C21566E00AE39F3 /* UserDefaultsColorModel.swift */,
				4253F6222BFEC2870067BF14 /* CoreData */,
			);
			path = Model;
			sourceTree = "<group>";
		};
		42DB948D2BF470B600ECDD84 /* Element */ = {
			isa = PBXGroup;
			children = (
				42DB948B2BF4603E00ECDD84 /* UserElement.swift */,
				42DB94992BF4A2AE00ECDD84 /* UserFriendElement.swift */,
				42DB949B2BF4A2D100ECDD84 /* UserPostElement.swift */,
				42DB948E2BF470E100ECDD84 /* PostElement.swift */,
				42DB94902BF470EB00ECDD84 /* CommentElement.swift */,
				4212EC052C0EAD340015EF20 /* ReportElement.swift */,
			);
			path = Element;
			sourceTree = "<group>";
		};
		42DB94962BF48C5C00ECDD84 /* Frameworks */ = {
			isa = PBXGroup;
			children = (
			);
			name = Frameworks;
			sourceTree = "<group>";
		};
		DD7EEF3C2C772D18000AEB22 /* AnalyticsEvent */ = {
			isa = PBXGroup;
			children = (
				DD7EEF432C7737E6000AEB22 /* LogEventViewModel.swift */,
				DD7EEF412C7730B0000AEB22 /* InterfaceAdapters.swift */,
				DD7EEF3F2C772DDE000AEB22 /* UseCase.swift */,
				DD7EEF3D2C772D9D000AEB22 /* Entities.swift */,
			);
			path = AnalyticsEvent;
			sourceTree = "<group>";
		};
		DD8A83712CAA9CAD00626748 /* Log */ = {
			isa = PBXGroup;
			children = (
				DD8A836F2CAA9C7200626748 /* FirebaseLog.swift */,
			);
			path = Log;
			sourceTree = "<group>";
		};
/* End PBXGroup section */

/* Begin PBXNativeTarget section */
		422C69C02BED1C570012FB8F /* CockDive */ = {
			isa = PBXNativeTarget;
			buildConfigurationList = 422C69D52BED1C590012FB8F /* Build configuration list for PBXNativeTarget "CockDive" */;
			buildPhases = (
				422C69BD2BED1C570012FB8F /* Sources */,
				422C69BE2BED1C570012FB8F /* Frameworks */,
				422C69BF2BED1C570012FB8F /* Resources */,
			);
			buildRules = (
			);
			dependencies = (
			);
			name = CockDive;
			packageProductDependencies = (
				42DB946F2BF3001000ECDD84 /* FirebaseAuth */,
				42DB94712BF3001000ECDD84 /* FirebaseFirestore */,
				42DB94742BF3009800ECDD84 /* FirebaseAuthUI */,
				42DB94762BF3009900ECDD84 /* FirebaseGoogleAuthUI */,
				42DB94782BF3009900ECDD84 /* FirebaseOAuthUI */,
				42DB94972BF48C7C00ECDD84 /* FirebaseStorage */,
				42164E262C1F333000510C99 /* FirebaseAnonymousAuthUI */,
				42164E282C1F333000510C99 /* FirebaseDatabaseUI */,
				42164E2A2C1F333000510C99 /* FirebaseEmailAuthUI */,
				42164E2C2C1F333000510C99 /* FirebaseFacebookAuthUI */,
				42164E2E2C1F37B400510C99 /* FirebaseAnalytics */,
				42164E302C1F37B400510C99 /* FirebaseAnalyticsOnDeviceConversion */,
				42164E342C1F37B400510C99 /* FirebaseAnalyticsWithoutAdIdSupport */,
				42164E362C1F37B400510C99 /* FirebaseAppCheck */,
				42E538902C720BCA000B6D49 /* FirebaseMessaging */,
			);
			productName = CockDive;
			productReference = 422C69C12BED1C570012FB8F /* CockDive.app */;
			productType = "com.apple.product-type.application";
		};
/* End PBXNativeTarget section */

/* Begin PBXProject section */
		422C69B92BED1C570012FB8F /* Project object */ = {
			isa = PBXProject;
			attributes = {
				BuildIndependentTargetsInParallel = 1;
				LastSwiftUpdateCheck = 1530;
				LastUpgradeCheck = 1540;
				TargetAttributes = {
					422C69C02BED1C570012FB8F = {
						CreatedOnToolsVersion = 15.3;
					};
				};
			};
			buildConfigurationList = 422C69BC2BED1C570012FB8F /* Build configuration list for PBXProject "CockDive" */;
			compatibilityVersion = "Xcode 14.0";
			developmentRegion = ja;
			hasScannedForEncodings = 0;
			knownRegions = (
				en,
				Base,
				ja,
			);
			mainGroup = 422C69B82BED1C570012FB8F;
			packageReferences = (
				42DB946E2BF3001000ECDD84 /* XCRemoteSwiftPackageReference "firebase-ios-sdk" */,
				42DB94732BF3009800ECDD84 /* XCRemoteSwiftPackageReference "FirebaseUI-iOS" */,
			);
			productRefGroup = 422C69C22BED1C570012FB8F /* Products */;
			projectDirPath = "";
			projectRoot = "";
			targets = (
				422C69C02BED1C570012FB8F /* CockDive */,
			);
		};
/* End PBXProject section */

/* Begin PBXResourcesBuildPhase section */
		422C69BF2BED1C570012FB8F /* Resources */ = {
			isa = PBXResourcesBuildPhase;
			buildActionMask = 2147483647;
			files = (
				42DB947D2BF323FD00ECDD84 /* GoogleService-Info.plist in Resources */,
				42D07BEB2C6220080067450F /* MochiyPopOne-Regular.ttf in Resources */,
				422C69D22BED1C590012FB8F /* Preview Assets.xcassets in Resources */,
				422C69CE2BED1C590012FB8F /* Assets.xcassets in Resources */,
			);
			runOnlyForDeploymentPostprocessing = 0;
		};
/* End PBXResourcesBuildPhase section */

/* Begin PBXSourcesBuildPhase section */
		422C69BD2BED1C570012FB8F /* Sources */ = {
			isa = PBXSourcesBuildPhase;
			buildActionMask = 2147483647;
			files = (
				4298D8742BF12260005AB08F /* ToolBarBackButtonView.swift in Sources */,
				42DB948C2BF4603E00ECDD84 /* UserElement.swift in Sources */,
				423B2A882BF8395300489BCC /* UserFriendModel.swift in Sources */,
				4253F63A2C047FD20067BF14 /* LikePostCoreDataManager.swift in Sources */,
				4253F6122BFDE1310067BF14 /* LoadingAnimationView.swift in Sources */,
				42C02ACA2BF7A851000D7CE4 /* CockCardViewModel.swift in Sources */,
				42DB94A22BF5DB5100ECDD84 /* CockPostViewModel.swift in Sources */,
				4212EC062C0EAD340015EF20 /* ReportElement.swift in Sources */,
				422EFAB62C08013E000DE24C /* BlockListViewModel.swift in Sources */,
				4298D85A2BF0BD8C005AB08F /* SmallImageView.swift in Sources */,
				4253F6342C02FAE90067BF14 /* SwipeableTabView.swift in Sources */,
				4253F62C2C023F8E0067BF14 /* FollowButtonView.swift in Sources */,
				42E538932C7230AE000B6D49 /* Data+.swift in Sources */,
				4253F62E2C02422A0067BF14 /* MyPageViewModel.swift in Sources */,
				422EFAC42C0C8682000DE24C /* ImageView.swift in Sources */,
				4298D8582BF0A908005AB08F /* Date+.swift in Sources */,
				42DB945C2BF20B7600ECDD84 /* PostCommentView.swift in Sources */,
				422EFAAE2C05F1AD000DE24C /* MyProfileEditViewModel.swift in Sources */,
				42DB94882BF3C30100ECDD84 /* MainTabView.swift in Sources */,
				4298D8482BEE6C35005AB08F /* AddPostView.swift in Sources */,
				422EFAAA2C05C999000DE24C /* PhotosPickerItem+.swift in Sources */,
				DD7EEF422C7730B0000AEB22 /* InterfaceAdapters.swift in Sources */,
				4212EC042C0D851E0015EF20 /* LikeButtonView.swift in Sources */,
				4298D86A2BF1075B005AB08F /* ContactView.swift in Sources */,
				423B2A8C2BF86CDB00489BCC /* CommentDataModel.swift in Sources */,
				4298D84E2BEF4FCA005AB08F /* LongBarButton.swift in Sources */,
				422EFAAC2C05CA39000DE24C /* UIImage+.swift in Sources */,
				4298D84B2BEF4E40005AB08F /* Color+.swift in Sources */,
				42DB94842BF329BE00ECDD84 /* FirebaseAuthUIView.swift in Sources */,
				42A1C7B52C0CDDC30036AC0E /* SignInWithAppleObject.swift in Sources */,
				4253F6172BFE00DF0067BF14 /* ProfileView.swift in Sources */,
				4253F6372C047F780067BF14 /* LikePostModel+CoreDataClass.swift in Sources */,
				4253F6382C047F780067BF14 /* LikePostModel+CoreDataProperties.swift in Sources */,
				4298D8702BF116CD005AB08F /* NavigationLinkButtonView.swift in Sources */,
				42DB949A2BF4A2AE00ECDD84 /* UserFriendElement.swift in Sources */,
				4298D85F2BF101C4005AB08F /* SettingView.swift in Sources */,
				4298D8662BF1071C005AB08F /* TermsOfServiceView.swift in Sources */,
				42DB948F2BF470E100ECDD84 /* PostElement.swift in Sources */,
				42164E252C1EB9DE00510C99 /* AdvertisementBarView.swift in Sources */,
				42DB94A62BF6E39D00ECDD84 /* StrokeIconButtonUI.swift in Sources */,
				423B2A8A2BF8605800489BCC /* UserPostDataModel.swift in Sources */,
				DD7EEF402C772DDE000AEB22 /* UseCase.swift in Sources */,
				42DB949E2BF4BC7B00ECDD84 /* StartViewModel.swift in Sources */,
				DD8A83702CAA9C7200626748 /* FirebaseLog.swift in Sources */,
				422EFAB42C077DD5000DE24C /* WebView.swift in Sources */,
				421A539A2C05705C00795317 /* MyProfileEditView.swift in Sources */,
				4298D8622BF10694005AB08F /* NewsView.swift in Sources */,
				4298D8412BEDA30C005AB08F /* CockPostView.swift in Sources */,
				42DB94602BF2562E00ECDD84 /* DynamicHeightCommentView.swift in Sources */,
				4298D85C2BF0DD3B005AB08F /* StrokeButtonUI.swift in Sources */,
				422C69C52BED1C570012FB8F /* CockDiveApp.swift in Sources */,
				4298D8682BF1073D005AB08F /* BlockListView.swift in Sources */,
				422EFAB22C061E45000DE24C /* SettingViewModel.swift in Sources */,
				42DB94822BF328F300ECDD84 /* AuthenticationManager.swift in Sources */,
				423B2A922BFA293C00489BCC /* UIApplication+.swift in Sources */,
				42DB94912BF470EC00ECDD84 /* CommentElement.swift in Sources */,
				42DB94952BF48A5E00ECDD84 /* PostDataModel.swift in Sources */,
				4298D8562BF0984E005AB08F /* ImageCalendarView.swift in Sources */,
				422EFAA62C05C4C9000DE24C /* NameRegistrationView.swift in Sources */,
				42C02AC62BF79077000D7CE4 /* SectioinTitleView.swift in Sources */,
				4212EC082C0ECF140015EF20 /* ReportDataModel.swift in Sources */,
				42DB94932BF48A5200ECDD84 /* UserDataModel.swift in Sources */,
				42DB94A02BF503A300ECDD84 /* UserDefaultsDataModel.swift in Sources */,
				4253F6242C006D730067BF14 /* MyDataCoreDataManager.swift in Sources */,
				4298D86E2BF107DB005AB08F /* DeleteAccountView.swift in Sources */,
				422C69D92BED1FE10012FB8F /* CockCardView.swift in Sources */,
				422C69C72BED1C570012FB8F /* Persistence.swift in Sources */,
				4253F62A2C023F3D0067BF14 /* ProfileHeaderView.swift in Sources */,
				4253F61E2BFEBA840067BF14 /* MyPostModel+CoreDataClass.swift in Sources */,
				4253F61F2BFEBA840067BF14 /* MyPostModel+CoreDataProperties.swift in Sources */,
				4253F6202BFEBA840067BF14 /* MyDataModel+CoreDataClass.swift in Sources */,
				4253F6212BFEBA840067BF14 /* MyDataModel+CoreDataProperties.swift in Sources */,
				42DB94632BF2F8E600ECDD84 /* SignInView.swift in Sources */,
				422EFAC22C0C3AAB000DE24C /* PostCommentViewModel.swift in Sources */,
				4253F6302C02E6CF0067BF14 /* MyPageHeaderView.swift in Sources */,
				DD7EEF442C7737E6000AEB22 /* LogEventViewModel.swift in Sources */,
				4253F6262C00E0A00067BF14 /* MyPostCoreDataManager.swift in Sources */,
				4298D8462BEDE782005AB08F /* MyPageView.swift in Sources */,
				4298D8762BF2050D005AB08F /* ToolBarAddButtonView.swift in Sources */,
				42D07BED2C6239620067450F /* Font+.swift in Sources */,
				42DB945A2BF20B5A00ECDD84 /* PostDetailView.swift in Sources */,
				423B2A8E2BF8994100489BCC /* PostDetailViewModel.swift in Sources */,
				DD7EEF3E2C772D9D000AEB22 /* Entities.swift in Sources */,
				4212EC0A2C0EF4170015EF20 /* OptionsView.swift in Sources */,
				42DB947B2BF3187300ECDD84 /* StartView.swift in Sources */,
				4298D8642BF106BD005AB08F /* PrivacyPolicyView.swift in Sources */,
				42DB94A42BF662E600ECDD84 /* CameraView.swift in Sources */,
				42370F462C19AC13008B577C /* AdvertisementView.swift in Sources */,
				422EFAA82C05C4D5000DE24C /* IconRegistrationView.swift in Sources */,
				42446AB22C214CE500AE39F3 /* MainColorEditView.swift in Sources */,
				4298D86C2BF107C4005AB08F /* LogoutView.swift in Sources */,
				4253F6192BFE0ECA0067BF14 /* ProfileViewModel.swift in Sources */,
				422C69CA2BED1C570012FB8F /* CockDive.xcdatamodeld in Sources */,
				42446AB42C21566E00AE39F3 /* UserDefaultsColorModel.swift in Sources */,
				4253F6142BFDEB890067BF14 /* HapticsManager.swift in Sources */,
				42DB945E2BF248D500ECDD84 /* DynamicHeightTextEditorView.swift in Sources */,
				423B2A902BFA050B00489BCC /* AddPostViewModel.swift in Sources */,
				422EFABE2C08974E000DE24C /* String+.swift in Sources */,
				42DB949C2BF4A2D100ECDD84 /* UserPostElement.swift in Sources */,
				42446AB62C21E62A00AE39F3 /* MainColorEditViewModel.swift in Sources */,
			);
			runOnlyForDeploymentPostprocessing = 0;
		};
/* End PBXSourcesBuildPhase section */

/* Begin XCBuildConfiguration section */
		422C69D32BED1C590012FB8F /* Debug */ = {
			isa = XCBuildConfiguration;
			buildSettings = {
				ALWAYS_SEARCH_USER_PATHS = NO;
				ASSETCATALOG_COMPILER_GENERATE_SWIFT_ASSET_SYMBOL_EXTENSIONS = YES;
				CLANG_ANALYZER_LOCALIZABILITY_NONLOCALIZED = YES;
				CLANG_ANALYZER_NONNULL = YES;
				CLANG_ANALYZER_NUMBER_OBJECT_CONVERSION = YES_AGGRESSIVE;
				CLANG_CXX_LANGUAGE_STANDARD = "gnu++20";
				CLANG_ENABLE_MODULES = YES;
				CLANG_ENABLE_OBJC_ARC = YES;
				CLANG_ENABLE_OBJC_WEAK = YES;
				CLANG_WARN_BLOCK_CAPTURE_AUTORELEASING = YES;
				CLANG_WARN_BOOL_CONVERSION = YES;
				CLANG_WARN_COMMA = YES;
				CLANG_WARN_CONSTANT_CONVERSION = YES;
				CLANG_WARN_DEPRECATED_OBJC_IMPLEMENTATIONS = YES;
				CLANG_WARN_DIRECT_OBJC_ISA_USAGE = YES_ERROR;
				CLANG_WARN_DOCUMENTATION_COMMENTS = YES;
				CLANG_WARN_EMPTY_BODY = YES;
				CLANG_WARN_ENUM_CONVERSION = YES;
				CLANG_WARN_INFINITE_RECURSION = YES;
				CLANG_WARN_INT_CONVERSION = YES;
				CLANG_WARN_NON_LITERAL_NULL_CONVERSION = YES;
				CLANG_WARN_OBJC_IMPLICIT_RETAIN_SELF = YES;
				CLANG_WARN_OBJC_LITERAL_CONVERSION = YES;
				CLANG_WARN_OBJC_ROOT_CLASS = YES_ERROR;
				CLANG_WARN_QUOTED_INCLUDE_IN_FRAMEWORK_HEADER = YES;
				CLANG_WARN_RANGE_LOOP_ANALYSIS = YES;
				CLANG_WARN_STRICT_PROTOTYPES = YES;
				CLANG_WARN_SUSPICIOUS_MOVE = YES;
				CLANG_WARN_UNGUARDED_AVAILABILITY = YES_AGGRESSIVE;
				CLANG_WARN_UNREACHABLE_CODE = YES;
				CLANG_WARN__DUPLICATE_METHOD_MATCH = YES;
				COPY_PHASE_STRIP = NO;
				DEAD_CODE_STRIPPING = YES;
				DEBUG_INFORMATION_FORMAT = dwarf;
				ENABLE_STRICT_OBJC_MSGSEND = YES;
				ENABLE_TESTABILITY = YES;
				ENABLE_USER_SCRIPT_SANDBOXING = YES;
				GCC_C_LANGUAGE_STANDARD = gnu17;
				GCC_DYNAMIC_NO_PIC = NO;
				GCC_NO_COMMON_BLOCKS = YES;
				GCC_OPTIMIZATION_LEVEL = 0;
				GCC_PREPROCESSOR_DEFINITIONS = (
					"DEBUG=1",
					"$(inherited)",
				);
				GCC_WARN_64_TO_32_BIT_CONVERSION = YES;
				GCC_WARN_ABOUT_RETURN_TYPE = YES_ERROR;
				GCC_WARN_UNDECLARED_SELECTOR = YES;
				GCC_WARN_UNINITIALIZED_AUTOS = YES_AGGRESSIVE;
				GCC_WARN_UNUSED_FUNCTION = YES;
				GCC_WARN_UNUSED_VARIABLE = YES;
				LOCALIZATION_PREFERS_STRING_CATALOGS = YES;
				MTL_ENABLE_DEBUG_INFO = INCLUDE_SOURCE;
				MTL_FAST_MATH = YES;
				ONLY_ACTIVE_ARCH = YES;
				SWIFT_ACTIVE_COMPILATION_CONDITIONS = "DEBUG $(inherited)";
				SWIFT_OPTIMIZATION_LEVEL = "-Onone";
			};
			name = Debug;
		};
		422C69D42BED1C590012FB8F /* Release */ = {
			isa = XCBuildConfiguration;
			buildSettings = {
				ALWAYS_SEARCH_USER_PATHS = NO;
				ASSETCATALOG_COMPILER_GENERATE_SWIFT_ASSET_SYMBOL_EXTENSIONS = YES;
				CLANG_ANALYZER_LOCALIZABILITY_NONLOCALIZED = YES;
				CLANG_ANALYZER_NONNULL = YES;
				CLANG_ANALYZER_NUMBER_OBJECT_CONVERSION = YES_AGGRESSIVE;
				CLANG_CXX_LANGUAGE_STANDARD = "gnu++20";
				CLANG_ENABLE_MODULES = YES;
				CLANG_ENABLE_OBJC_ARC = YES;
				CLANG_ENABLE_OBJC_WEAK = YES;
				CLANG_WARN_BLOCK_CAPTURE_AUTORELEASING = YES;
				CLANG_WARN_BOOL_CONVERSION = YES;
				CLANG_WARN_COMMA = YES;
				CLANG_WARN_CONSTANT_CONVERSION = YES;
				CLANG_WARN_DEPRECATED_OBJC_IMPLEMENTATIONS = YES;
				CLANG_WARN_DIRECT_OBJC_ISA_USAGE = YES_ERROR;
				CLANG_WARN_DOCUMENTATION_COMMENTS = YES;
				CLANG_WARN_EMPTY_BODY = YES;
				CLANG_WARN_ENUM_CONVERSION = YES;
				CLANG_WARN_INFINITE_RECURSION = YES;
				CLANG_WARN_INT_CONVERSION = YES;
				CLANG_WARN_NON_LITERAL_NULL_CONVERSION = YES;
				CLANG_WARN_OBJC_IMPLICIT_RETAIN_SELF = YES;
				CLANG_WARN_OBJC_LITERAL_CONVERSION = YES;
				CLANG_WARN_OBJC_ROOT_CLASS = YES_ERROR;
				CLANG_WARN_QUOTED_INCLUDE_IN_FRAMEWORK_HEADER = YES;
				CLANG_WARN_RANGE_LOOP_ANALYSIS = YES;
				CLANG_WARN_STRICT_PROTOTYPES = YES;
				CLANG_WARN_SUSPICIOUS_MOVE = YES;
				CLANG_WARN_UNGUARDED_AVAILABILITY = YES_AGGRESSIVE;
				CLANG_WARN_UNREACHABLE_CODE = YES;
				CLANG_WARN__DUPLICATE_METHOD_MATCH = YES;
				COPY_PHASE_STRIP = NO;
				DEAD_CODE_STRIPPING = YES;
				DEBUG_INFORMATION_FORMAT = "dwarf-with-dsym";
				ENABLE_NS_ASSERTIONS = NO;
				ENABLE_STRICT_OBJC_MSGSEND = YES;
				ENABLE_USER_SCRIPT_SANDBOXING = YES;
				GCC_C_LANGUAGE_STANDARD = gnu17;
				GCC_NO_COMMON_BLOCKS = YES;
				GCC_WARN_64_TO_32_BIT_CONVERSION = YES;
				GCC_WARN_ABOUT_RETURN_TYPE = YES_ERROR;
				GCC_WARN_UNDECLARED_SELECTOR = YES;
				GCC_WARN_UNINITIALIZED_AUTOS = YES_AGGRESSIVE;
				GCC_WARN_UNUSED_FUNCTION = YES;
				GCC_WARN_UNUSED_VARIABLE = YES;
				LOCALIZATION_PREFERS_STRING_CATALOGS = YES;
				MTL_ENABLE_DEBUG_INFO = NO;
				MTL_FAST_MATH = YES;
				SWIFT_COMPILATION_MODE = wholemodule;
			};
			name = Release;
		};
		422C69D62BED1C590012FB8F /* Debug */ = {
			isa = XCBuildConfiguration;
			buildSettings = {
				ASSETCATALOG_COMPILER_APPICON_NAME = AppIcon;
				ASSETCATALOG_COMPILER_GLOBAL_ACCENT_COLOR_NAME = AccentColor;
				CODE_SIGN_ENTITLEMENTS = CockDive/CockDive.entitlements;
				CODE_SIGN_STYLE = Automatic;
				CURRENT_PROJECT_VERSION = 1;
				DEAD_CODE_STRIPPING = YES;
				DEVELOPMENT_ASSET_PATHS = "\"CockDive/Preview Content\"";
				DEVELOPMENT_TEAM = 254E5TZV4C;
				ENABLE_HARDENED_RUNTIME = YES;
				ENABLE_PREVIEWS = YES;
				GENERATE_INFOPLIST_FILE = YES;
				INFOPLIST_FILE = CockDive/Info.plist;
				INFOPLIST_KEY_CFBundleDisplayName = "みんなのごはん";
				INFOPLIST_KEY_NSCameraUsageDescription = "ご飯を撮影するためにカメラを使います。";
				"INFOPLIST_KEY_UIApplicationSceneManifest_Generation[sdk=iphoneos*]" = YES;
				"INFOPLIST_KEY_UIApplicationSceneManifest_Generation[sdk=iphonesimulator*]" = YES;
				"INFOPLIST_KEY_UIApplicationSupportsIndirectInputEvents[sdk=iphoneos*]" = YES;
				"INFOPLIST_KEY_UIApplicationSupportsIndirectInputEvents[sdk=iphonesimulator*]" = YES;
				"INFOPLIST_KEY_UILaunchScreen_Generation[sdk=iphoneos*]" = YES;
				"INFOPLIST_KEY_UILaunchScreen_Generation[sdk=iphonesimulator*]" = YES;
				"INFOPLIST_KEY_UIStatusBarStyle[sdk=iphoneos*]" = UIStatusBarStyleDefault;
				"INFOPLIST_KEY_UIStatusBarStyle[sdk=iphonesimulator*]" = UIStatusBarStyleDefault;
				INFOPLIST_KEY_UISupportedInterfaceOrientations_iPad = "UIInterfaceOrientationPortrait UIInterfaceOrientationPortraitUpsideDown UIInterfaceOrientationLandscapeLeft UIInterfaceOrientationLandscapeRight";
				INFOPLIST_KEY_UISupportedInterfaceOrientations_iPhone = UIInterfaceOrientationPortrait;
				IPHONEOS_DEPLOYMENT_TARGET = 16.0;
				LD_RUNPATH_SEARCH_PATHS = "@executable_path/Frameworks";
				"LD_RUNPATH_SEARCH_PATHS[sdk=macosx*]" = "@executable_path/../Frameworks";
				MACOSX_DEPLOYMENT_TARGET = 14.1;
				MARKETING_VERSION = 1.4.2;
				PRODUCT_BUNDLE_IDENTIFIER = ryuprogrammer.CockDive;
				PRODUCT_NAME = "$(TARGET_NAME)";
				SDKROOT = auto;
				SUPPORTED_PLATFORMS = "iphoneos iphonesimulator";
				SUPPORTS_MACCATALYST = NO;
				SWIFT_EMIT_LOC_STRINGS = YES;
				SWIFT_VERSION = 5.0;
				TARGETED_DEVICE_FAMILY = "1,2";
			};
			name = Debug;
		};
		422C69D72BED1C590012FB8F /* Release */ = {
			isa = XCBuildConfiguration;
			buildSettings = {
				ASSETCATALOG_COMPILER_APPICON_NAME = AppIcon;
				ASSETCATALOG_COMPILER_GLOBAL_ACCENT_COLOR_NAME = AccentColor;
				CODE_SIGN_ENTITLEMENTS = CockDive/CockDiveRelease.entitlements;
				CODE_SIGN_IDENTITY = "Apple Development";
				CODE_SIGN_STYLE = Automatic;
				CURRENT_PROJECT_VERSION = 1;
				DEAD_CODE_STRIPPING = YES;
				DEVELOPMENT_ASSET_PATHS = "\"CockDive/Preview Content\"";
				DEVELOPMENT_TEAM = 254E5TZV4C;
				ENABLE_HARDENED_RUNTIME = YES;
				ENABLE_PREVIEWS = YES;
				GENERATE_INFOPLIST_FILE = YES;
				INFOPLIST_FILE = CockDive/Info.plist;
				INFOPLIST_KEY_CFBundleDisplayName = "みんなのごはん";
				INFOPLIST_KEY_NSCameraUsageDescription = "ご飯を撮影するためにカメラを使います。";
				"INFOPLIST_KEY_UIApplicationSceneManifest_Generation[sdk=iphoneos*]" = YES;
				"INFOPLIST_KEY_UIApplicationSceneManifest_Generation[sdk=iphonesimulator*]" = YES;
				"INFOPLIST_KEY_UIApplicationSupportsIndirectInputEvents[sdk=iphoneos*]" = YES;
				"INFOPLIST_KEY_UIApplicationSupportsIndirectInputEvents[sdk=iphonesimulator*]" = YES;
				"INFOPLIST_KEY_UILaunchScreen_Generation[sdk=iphoneos*]" = YES;
				"INFOPLIST_KEY_UILaunchScreen_Generation[sdk=iphonesimulator*]" = YES;
				"INFOPLIST_KEY_UIStatusBarStyle[sdk=iphoneos*]" = UIStatusBarStyleDefault;
				"INFOPLIST_KEY_UIStatusBarStyle[sdk=iphonesimulator*]" = UIStatusBarStyleDefault;
				INFOPLIST_KEY_UISupportedInterfaceOrientations_iPad = "UIInterfaceOrientationPortrait UIInterfaceOrientationPortraitUpsideDown UIInterfaceOrientationLandscapeLeft UIInterfaceOrientationLandscapeRight";
				INFOPLIST_KEY_UISupportedInterfaceOrientations_iPhone = UIInterfaceOrientationPortrait;
				IPHONEOS_DEPLOYMENT_TARGET = 16.0;
				LD_RUNPATH_SEARCH_PATHS = "@executable_path/Frameworks";
				"LD_RUNPATH_SEARCH_PATHS[sdk=macosx*]" = "@executable_path/../Frameworks";
				MACOSX_DEPLOYMENT_TARGET = 14.1;
				MARKETING_VERSION = 1.4.2;
				PRODUCT_BUNDLE_IDENTIFIER = ryuprogrammer.CockDive;
				PRODUCT_NAME = "$(TARGET_NAME)";
				PROVISIONING_PROFILE_SPECIFIER = "";
				SDKROOT = auto;
				SUPPORTED_PLATFORMS = "iphoneos iphonesimulator";
				SUPPORTS_MACCATALYST = NO;
				SWIFT_EMIT_LOC_STRINGS = YES;
				SWIFT_VERSION = 5.0;
				TARGETED_DEVICE_FAMILY = "1,2";
			};
			name = Release;
		};
/* End XCBuildConfiguration section */

/* Begin XCConfigurationList section */
		422C69BC2BED1C570012FB8F /* Build configuration list for PBXProject "CockDive" */ = {
			isa = XCConfigurationList;
			buildConfigurations = (
				422C69D32BED1C590012FB8F /* Debug */,
				422C69D42BED1C590012FB8F /* Release */,
			);
			defaultConfigurationIsVisible = 0;
			defaultConfigurationName = Release;
		};
		422C69D52BED1C590012FB8F /* Build configuration list for PBXNativeTarget "CockDive" */ = {
			isa = XCConfigurationList;
			buildConfigurations = (
				422C69D62BED1C590012FB8F /* Debug */,
				422C69D72BED1C590012FB8F /* Release */,
			);
			defaultConfigurationIsVisible = 0;
			defaultConfigurationName = Release;
		};
/* End XCConfigurationList section */

/* Begin XCRemoteSwiftPackageReference section */
		42DB946E2BF3001000ECDD84 /* XCRemoteSwiftPackageReference "firebase-ios-sdk" */ = {
			isa = XCRemoteSwiftPackageReference;
			repositoryURL = "https://github.com/firebase/firebase-ios-sdk.git";
			requirement = {
				branch = main;
				kind = branch;
			};
		};
		42DB94732BF3009800ECDD84 /* XCRemoteSwiftPackageReference "FirebaseUI-iOS" */ = {
			isa = XCRemoteSwiftPackageReference;
			repositoryURL = "https://github.com/firebase/FirebaseUI-iOS.git";
			requirement = {
				branch = main;
				kind = branch;
			};
		};
/* End XCRemoteSwiftPackageReference section */

/* Begin XCSwiftPackageProductDependency section */
		42164E262C1F333000510C99 /* FirebaseAnonymousAuthUI */ = {
			isa = XCSwiftPackageProductDependency;
			package = 42DB94732BF3009800ECDD84 /* XCRemoteSwiftPackageReference "FirebaseUI-iOS" */;
			productName = FirebaseAnonymousAuthUI;
		};
		42164E282C1F333000510C99 /* FirebaseDatabaseUI */ = {
			isa = XCSwiftPackageProductDependency;
			package = 42DB94732BF3009800ECDD84 /* XCRemoteSwiftPackageReference "FirebaseUI-iOS" */;
			productName = FirebaseDatabaseUI;
		};
		42164E2A2C1F333000510C99 /* FirebaseEmailAuthUI */ = {
			isa = XCSwiftPackageProductDependency;
			package = 42DB94732BF3009800ECDD84 /* XCRemoteSwiftPackageReference "FirebaseUI-iOS" */;
			productName = FirebaseEmailAuthUI;
		};
		42164E2C2C1F333000510C99 /* FirebaseFacebookAuthUI */ = {
			isa = XCSwiftPackageProductDependency;
			package = 42DB94732BF3009800ECDD84 /* XCRemoteSwiftPackageReference "FirebaseUI-iOS" */;
			productName = FirebaseFacebookAuthUI;
		};
		42164E2E2C1F37B400510C99 /* FirebaseAnalytics */ = {
			isa = XCSwiftPackageProductDependency;
			package = 42DB946E2BF3001000ECDD84 /* XCRemoteSwiftPackageReference "firebase-ios-sdk" */;
			productName = FirebaseAnalytics;
		};
		42164E302C1F37B400510C99 /* FirebaseAnalyticsOnDeviceConversion */ = {
			isa = XCSwiftPackageProductDependency;
			package = 42DB946E2BF3001000ECDD84 /* XCRemoteSwiftPackageReference "firebase-ios-sdk" */;
			productName = FirebaseAnalyticsOnDeviceConversion;
		};
		42164E342C1F37B400510C99 /* FirebaseAnalyticsWithoutAdIdSupport */ = {
			isa = XCSwiftPackageProductDependency;
			package = 42DB946E2BF3001000ECDD84 /* XCRemoteSwiftPackageReference "firebase-ios-sdk" */;
			productName = FirebaseAnalyticsWithoutAdIdSupport;
		};
		42164E362C1F37B400510C99 /* FirebaseAppCheck */ = {
			isa = XCSwiftPackageProductDependency;
			package = 42DB946E2BF3001000ECDD84 /* XCRemoteSwiftPackageReference "firebase-ios-sdk" */;
			productName = FirebaseAppCheck;
		};
		42DB946F2BF3001000ECDD84 /* FirebaseAuth */ = {
			isa = XCSwiftPackageProductDependency;
			package = 42DB946E2BF3001000ECDD84 /* XCRemoteSwiftPackageReference "firebase-ios-sdk" */;
			productName = FirebaseAuth;
		};
		42DB94712BF3001000ECDD84 /* FirebaseFirestore */ = {
			isa = XCSwiftPackageProductDependency;
			package = 42DB946E2BF3001000ECDD84 /* XCRemoteSwiftPackageReference "firebase-ios-sdk" */;
			productName = FirebaseFirestore;
		};
		42DB94742BF3009800ECDD84 /* FirebaseAuthUI */ = {
			isa = XCSwiftPackageProductDependency;
			package = 42DB94732BF3009800ECDD84 /* XCRemoteSwiftPackageReference "FirebaseUI-iOS" */;
			productName = FirebaseAuthUI;
		};
		42DB94762BF3009900ECDD84 /* FirebaseGoogleAuthUI */ = {
			isa = XCSwiftPackageProductDependency;
			package = 42DB94732BF3009800ECDD84 /* XCRemoteSwiftPackageReference "FirebaseUI-iOS" */;
			productName = FirebaseGoogleAuthUI;
		};
		42DB94782BF3009900ECDD84 /* FirebaseOAuthUI */ = {
			isa = XCSwiftPackageProductDependency;
			package = 42DB94732BF3009800ECDD84 /* XCRemoteSwiftPackageReference "FirebaseUI-iOS" */;
			productName = FirebaseOAuthUI;
		};
		42DB94972BF48C7C00ECDD84 /* FirebaseStorage */ = {
			isa = XCSwiftPackageProductDependency;
			package = 42DB946E2BF3001000ECDD84 /* XCRemoteSwiftPackageReference "firebase-ios-sdk" */;
			productName = FirebaseStorage;
		};
		42E538902C720BCA000B6D49 /* FirebaseMessaging */ = {
			isa = XCSwiftPackageProductDependency;
			package = 42DB946E2BF3001000ECDD84 /* XCRemoteSwiftPackageReference "firebase-ios-sdk" */;
			productName = FirebaseMessaging;
		};
/* End XCSwiftPackageProductDependency section */

/* Begin XCVersionGroup section */
		422C69C82BED1C570012FB8F /* CockDive.xcdatamodeld */ = {
			isa = XCVersionGroup;
			children = (
				422C69C92BED1C570012FB8F /* CockDive.xcdatamodel */,
			);
			currentVersion = 422C69C92BED1C570012FB8F /* CockDive.xcdatamodel */;
			path = CockDive.xcdatamodeld;
			sourceTree = "<group>";
			versionGroupType = wrapper.xcdatamodel;
		};
/* End XCVersionGroup section */
	};
	rootObject = 422C69B92BED1C570012FB8F /* Project object */;
}
