// !$*UTF8*$!
{
	archiveVersion = 1;
	classes = {
	};
	objectVersion = 56;
	objects = {

/* Begin PBXBuildFile section */
		422C69C52BED1C570012FB8F /* CockDiveApp.swift in Sources */ = {isa = PBXBuildFile; fileRef = 422C69C42BED1C570012FB8F /* CockDiveApp.swift */; };
		422C69C72BED1C570012FB8F /* Persistence.swift in Sources */ = {isa = PBXBuildFile; fileRef = 422C69C62BED1C570012FB8F /* Persistence.swift */; };
		422C69CA2BED1C570012FB8F /* CockDive.xcdatamodeld in Sources */ = {isa = PBXBuildFile; fileRef = 422C69C82BED1C570012FB8F /* CockDive.xcdatamodeld */; };
		422C69CC2BED1C570012FB8F /* ContentView.swift in Sources */ = {isa = PBXBuildFile; fileRef = 422C69CB2BED1C570012FB8F /* ContentView.swift */; };
		422C69CE2BED1C590012FB8F /* Assets.xcassets in Resources */ = {isa = PBXBuildFile; fileRef = 422C69CD2BED1C590012FB8F /* Assets.xcassets */; };
		422C69D22BED1C590012FB8F /* Preview Assets.xcassets in Resources */ = {isa = PBXBuildFile; fileRef = 422C69D12BED1C590012FB8F /* Preview Assets.xcassets */; };
		422C69D92BED1FE10012FB8F /* CockCardView.swift in Sources */ = {isa = PBXBuildFile; fileRef = 422C69D82BED1FE10012FB8F /* CockCardView.swift */; };
		4298D8412BEDA30C005AB08F /* CockCardsView.swift in Sources */ = {isa = PBXBuildFile; fileRef = 4298D8402BEDA30C005AB08F /* CockCardsView.swift */; };
		4298D8442BEDE54F005AB08F /* MainView.swift in Sources */ = {isa = PBXBuildFile; fileRef = 4298D8432BEDE54F005AB08F /* MainView.swift */; };
		4298D8462BEDE782005AB08F /* HomeView.swift in Sources */ = {isa = PBXBuildFile; fileRef = 4298D8452BEDE782005AB08F /* HomeView.swift */; };
		4298D8482BEE6C35005AB08F /* AddCockView.swift in Sources */ = {isa = PBXBuildFile; fileRef = 4298D8472BEE6C35005AB08F /* AddCockView.swift */; };
/* End PBXBuildFile section */

/* Begin PBXFileReference section */
		422C69C12BED1C570012FB8F /* CockDive.app */ = {isa = PBXFileReference; explicitFileType = wrapper.application; includeInIndex = 0; path = CockDive.app; sourceTree = BUILT_PRODUCTS_DIR; };
		422C69C42BED1C570012FB8F /* CockDiveApp.swift */ = {isa = PBXFileReference; lastKnownFileType = sourcecode.swift; path = CockDiveApp.swift; sourceTree = "<group>"; };
		422C69C62BED1C570012FB8F /* Persistence.swift */ = {isa = PBXFileReference; lastKnownFileType = sourcecode.swift; path = Persistence.swift; sourceTree = "<group>"; };
		422C69C92BED1C570012FB8F /* CockDive.xcdatamodel */ = {isa = PBXFileReference; lastKnownFileType = wrapper.xcdatamodel; path = CockDive.xcdatamodel; sourceTree = "<group>"; };
		422C69CB2BED1C570012FB8F /* ContentView.swift */ = {isa = PBXFileReference; lastKnownFileType = sourcecode.swift; path = ContentView.swift; sourceTree = "<group>"; };
		422C69CD2BED1C590012FB8F /* Assets.xcassets */ = {isa = PBXFileReference; lastKnownFileType = folder.assetcatalog; path = Assets.xcassets; sourceTree = "<group>"; };
		422C69CF2BED1C590012FB8F /* CockDive.entitlements */ = {isa = PBXFileReference; lastKnownFileType = text.plist.entitlements; path = CockDive.entitlements; sourceTree = "<group>"; };
		422C69D12BED1C590012FB8F /* Preview Assets.xcassets */ = {isa = PBXFileReference; lastKnownFileType = folder.assetcatalog; path = "Preview Assets.xcassets"; sourceTree = "<group>"; };
		422C69D82BED1FE10012FB8F /* CockCardView.swift */ = {isa = PBXFileReference; lastKnownFileType = sourcecode.swift; path = CockCardView.swift; sourceTree = "<group>"; };
		4298D8402BEDA30C005AB08F /* CockCardsView.swift */ = {isa = PBXFileReference; lastKnownFileType = sourcecode.swift; path = CockCardsView.swift; sourceTree = "<group>"; };
		4298D8432BEDE54F005AB08F /* MainView.swift */ = {isa = PBXFileReference; lastKnownFileType = sourcecode.swift; path = MainView.swift; sourceTree = "<group>"; };
		4298D8452BEDE782005AB08F /* HomeView.swift */ = {isa = PBXFileReference; lastKnownFileType = sourcecode.swift; path = HomeView.swift; sourceTree = "<group>"; };
		4298D8472BEE6C35005AB08F /* AddCockView.swift */ = {isa = PBXFileReference; lastKnownFileType = sourcecode.swift; path = AddCockView.swift; sourceTree = "<group>"; };
/* End PBXFileReference section */

/* Begin PBXFrameworksBuildPhase section */
		422C69BE2BED1C570012FB8F /* Frameworks */ = {
			isa = PBXFrameworksBuildPhase;
			buildActionMask = 2147483647;
			files = (
			);
			runOnlyForDeploymentPostprocessing = 0;
		};
/* End PBXFrameworksBuildPhase section */

/* Begin PBXGroup section */
		422C69B82BED1C570012FB8F = {
			isa = PBXGroup;
			children = (
				422C69C32BED1C570012FB8F /* CockDive */,
				422C69C22BED1C570012FB8F /* Products */,
			);
			sourceTree = "<group>";
		};
		422C69C22BED1C570012FB8F /* Products */ = {
			isa = PBXGroup;
			children = (
				422C69C12BED1C570012FB8F /* CockDive.app */,
			);
			name = Products;
			sourceTree = "<group>";
		};
		422C69C32BED1C570012FB8F /* CockDive */ = {
			isa = PBXGroup;
			children = (
				422C69C42BED1C570012FB8F /* CockDiveApp.swift */,
				422C69C62BED1C570012FB8F /* Persistence.swift */,
				4298D8422BEDDD65005AB08F /* View */,
				422C69CD2BED1C590012FB8F /* Assets.xcassets */,
				422C69CF2BED1C590012FB8F /* CockDive.entitlements */,
				422C69C82BED1C570012FB8F /* CockDive.xcdatamodeld */,
				422C69D02BED1C590012FB8F /* Preview Content */,
			);
			path = CockDive;
			sourceTree = "<group>";
		};
		422C69D02BED1C590012FB8F /* Preview Content */ = {
			isa = PBXGroup;
			children = (
				422C69D12BED1C590012FB8F /* Preview Assets.xcassets */,
			);
			path = "Preview Content";
			sourceTree = "<group>";
		};
		4298D8422BEDDD65005AB08F /* View */ = {
			isa = PBXGroup;
			children = (
				422C69CB2BED1C570012FB8F /* ContentView.swift */,
				4298D8432BEDE54F005AB08F /* MainView.swift */,
				4298D8402BEDA30C005AB08F /* CockCardsView.swift */,
				4298D8472BEE6C35005AB08F /* AddCockView.swift */,
				4298D8452BEDE782005AB08F /* HomeView.swift */,
				422C69D82BED1FE10012FB8F /* CockCardView.swift */,
			);
			path = View;
			sourceTree = "<group>";
		};
/* End PBXGroup section */

/* Begin PBXNativeTarget section */
		422C69C02BED1C570012FB8F /* CockDive */ = {
			isa = PBXNativeTarget;
			buildConfigurationList = 422C69D52BED1C590012FB8F /* Build configuration list for PBXNativeTarget "CockDive" */;
			buildPhases = (
				422C69BD2BED1C570012FB8F /* Sources */,
				422C69BE2BED1C570012FB8F /* Frameworks */,
				422C69BF2BED1C570012FB8F /* Resources */,
			);
			buildRules = (
			);
			dependencies = (
			);
			name = CockDive;
			productName = CockDive;
			productReference = 422C69C12BED1C570012FB8F /* CockDive.app */;
			productType = "com.apple.product-type.application";
		};
/* End PBXNativeTarget section */

/* Begin PBXProject section */
		422C69B92BED1C570012FB8F /* Project object */ = {
			isa = PBXProject;
			attributes = {
				BuildIndependentTargetsInParallel = 1;
				LastSwiftUpdateCheck = 1530;
				LastUpgradeCheck = 1530;
				TargetAttributes = {
					422C69C02BED1C570012FB8F = {
						CreatedOnToolsVersion = 15.3;
					};
				};
			};
			buildConfigurationList = 422C69BC2BED1C570012FB8F /* Build configuration list for PBXProject "CockDive" */;
			compatibilityVersion = "Xcode 14.0";
			developmentRegion = en;
			hasScannedForEncodings = 0;
			knownRegions = (
				en,
				Base,
			);
			mainGroup = 422C69B82BED1C570012FB8F;
			productRefGroup = 422C69C22BED1C570012FB8F /* Products */;
			projectDirPath = "";
			projectRoot = "";
			targets = (
				422C69C02BED1C570012FB8F /* CockDive */,
			);
		};
/* End PBXProject section */

/* Begin PBXResourcesBuildPhase section */
		422C69BF2BED1C570012FB8F /* Resources */ = {
			isa = PBXResourcesBuildPhase;
			buildActionMask = 2147483647;
			files = (
				422C69D22BED1C590012FB8F /* Preview Assets.xcassets in Resources */,
				422C69CE2BED1C590012FB8F /* Assets.xcassets in Resources */,
			);
			runOnlyForDeploymentPostprocessing = 0;
		};
/* End PBXResourcesBuildPhase section */

/* Begin PBXSourcesBuildPhase section */
		422C69BD2BED1C570012FB8F /* Sources */ = {
			isa = PBXSourcesBuildPhase;
			buildActionMask = 2147483647;
			files = (
				4298D8482BEE6C35005AB08F /* AddCockView.swift in Sources */,
				4298D8412BEDA30C005AB08F /* CockCardsView.swift in Sources */,
				4298D8442BEDE54F005AB08F /* MainView.swift in Sources */,
				422C69C52BED1C570012FB8F /* CockDiveApp.swift in Sources */,
				422C69D92BED1FE10012FB8F /* CockCardView.swift in Sources */,
				422C69C72BED1C570012FB8F /* Persistence.swift in Sources */,
				4298D8462BEDE782005AB08F /* HomeView.swift in Sources */,
				422C69CC2BED1C570012FB8F /* ContentView.swift in Sources */,
				422C69CA2BED1C570012FB8F /* CockDive.xcdatamodeld in Sources */,
			);
			runOnlyForDeploymentPostprocessing = 0;
		};
/* End PBXSourcesBuildPhase section */

/* Begin XCBuildConfiguration section */
		422C69D32BED1C590012FB8F /* Debug */ = {
			isa = XCBuildConfiguration;
			buildSettings = {
				ALWAYS_SEARCH_USER_PATHS = NO;
				ASSETCATALOG_COMPILER_GENERATE_SWIFT_ASSET_SYMBOL_EXTENSIONS = YES;
				CLANG_ANALYZER_NONNULL = YES;
				CLANG_ANALYZER_NUMBER_OBJECT_CONVERSION = YES_AGGRESSIVE;
				CLANG_CXX_LANGUAGE_STANDARD = "gnu++20";
				CLANG_ENABLE_MODULES = YES;
				CLANG_ENABLE_OBJC_ARC = YES;
				CLANG_ENABLE_OBJC_WEAK = YES;
				CLANG_WARN_BLOCK_CAPTURE_AUTORELEASING = YES;
				CLANG_WARN_BOOL_CONVERSION = YES;
				CLANG_WARN_COMMA = YES;
				CLANG_WARN_CONSTANT_CONVERSION = YES;
				CLANG_WARN_DEPRECATED_OBJC_IMPLEMENTATIONS = YES;
				CLANG_WARN_DIRECT_OBJC_ISA_USAGE = YES_ERROR;
				CLANG_WARN_DOCUMENTATION_COMMENTS = YES;
				CLANG_WARN_EMPTY_BODY = YES;
				CLANG_WARN_ENUM_CONVERSION = YES;
				CLANG_WARN_INFINITE_RECURSION = YES;
				CLANG_WARN_INT_CONVERSION = YES;
				CLANG_WARN_NON_LITERAL_NULL_CONVERSION = YES;
				CLANG_WARN_OBJC_IMPLICIT_RETAIN_SELF = YES;
				CLANG_WARN_OBJC_LITERAL_CONVERSION = YES;
				CLANG_WARN_OBJC_ROOT_CLASS = YES_ERROR;
				CLANG_WARN_QUOTED_INCLUDE_IN_FRAMEWORK_HEADER = YES;
				CLANG_WARN_RANGE_LOOP_ANALYSIS = YES;
				CLANG_WARN_STRICT_PROTOTYPES = YES;
				CLANG_WARN_SUSPICIOUS_MOVE = YES;
				CLANG_WARN_UNGUARDED_AVAILABILITY = YES_AGGRESSIVE;
				CLANG_WARN_UNREACHABLE_CODE = YES;
				CLANG_WARN__DUPLICATE_METHOD_MATCH = YES;
				COPY_PHASE_STRIP = NO;
				DEBUG_INFORMATION_FORMAT = dwarf;
				ENABLE_STRICT_OBJC_MSGSEND = YES;
				ENABLE_TESTABILITY = YES;
				ENABLE_USER_SCRIPT_SANDBOXING = YES;
				GCC_C_LANGUAGE_STANDARD = gnu17;
				GCC_DYNAMIC_NO_PIC = NO;
				GCC_NO_COMMON_BLOCKS = YES;
				GCC_OPTIMIZATION_LEVEL = 0;
				GCC_PREPROCESSOR_DEFINITIONS = (
					"DEBUG=1",
					"$(inherited)",
				);
				GCC_WARN_64_TO_32_BIT_CONVERSION = YES;
				GCC_WARN_ABOUT_RETURN_TYPE = YES_ERROR;
				GCC_WARN_UNDECLARED_SELECTOR = YES;
				GCC_WARN_UNINITIALIZED_AUTOS = YES_AGGRESSIVE;
				GCC_WARN_UNUSED_FUNCTION = YES;
				GCC_WARN_UNUSED_VARIABLE = YES;
				LOCALIZATION_PREFERS_STRING_CATALOGS = YES;
				MTL_ENABLE_DEBUG_INFO = INCLUDE_SOURCE;
				MTL_FAST_MATH = YES;
				ONLY_ACTIVE_ARCH = YES;
				SWIFT_ACTIVE_COMPILATION_CONDITIONS = "DEBUG $(inherited)";
				SWIFT_OPTIMIZATION_LEVEL = "-Onone";
			};
			name = Debug;
		};
		422C69D42BED1C590012FB8F /* Release */ = {
			isa = XCBuildConfiguration;
			buildSettings = {
				ALWAYS_SEARCH_USER_PATHS = NO;
				ASSETCATALOG_COMPILER_GENERATE_SWIFT_ASSET_SYMBOL_EXTENSIONS = YES;
				CLANG_ANALYZER_NONNULL = YES;
				CLANG_ANALYZER_NUMBER_OBJECT_CONVERSION = YES_AGGRESSIVE;
				CLANG_CXX_LANGUAGE_STANDARD = "gnu++20";
				CLANG_ENABLE_MODULES = YES;
				CLANG_ENABLE_OBJC_ARC = YES;
				CLANG_ENABLE_OBJC_WEAK = YES;
				CLANG_WARN_BLOCK_CAPTURE_AUTORELEASING = YES;
				CLANG_WARN_BOOL_CONVERSION = YES;
				CLANG_WARN_COMMA = YES;
				CLANG_WARN_CONSTANT_CONVERSION = YES;
				CLANG_WARN_DEPRECATED_OBJC_IMPLEMENTATIONS = YES;
				CLANG_WARN_DIRECT_OBJC_ISA_USAGE = YES_ERROR;
				CLANG_WARN_DOCUMENTATION_COMMENTS = YES;
				CLANG_WARN_EMPTY_BODY = YES;
				CLANG_WARN_ENUM_CONVERSION = YES;
				CLANG_WARN_INFINITE_RECURSION = YES;
				CLANG_WARN_INT_CONVERSION = YES;
				CLANG_WARN_NON_LITERAL_NULL_CONVERSION = YES;
				CLANG_WARN_OBJC_IMPLICIT_RETAIN_SELF = YES;
				CLANG_WARN_OBJC_LITERAL_CONVERSION = YES;
				CLANG_WARN_OBJC_ROOT_CLASS = YES_ERROR;
				CLANG_WARN_QUOTED_INCLUDE_IN_FRAMEWORK_HEADER = YES;
				CLANG_WARN_RANGE_LOOP_ANALYSIS = YES;
				CLANG_WARN_STRICT_PROTOTYPES = YES;
				CLANG_WARN_SUSPICIOUS_MOVE = YES;
				CLANG_WARN_UNGUARDED_AVAILABILITY = YES_AGGRESSIVE;
				CLANG_WARN_UNREACHABLE_CODE = YES;
				CLANG_WARN__DUPLICATE_METHOD_MATCH = YES;
				COPY_PHASE_STRIP = NO;
				DEBUG_INFORMATION_FORMAT = "dwarf-with-dsym";
				ENABLE_NS_ASSERTIONS = NO;
				ENABLE_STRICT_OBJC_MSGSEND = YES;
				ENABLE_USER_SCRIPT_SANDBOXING = YES;
				GCC_C_LANGUAGE_STANDARD = gnu17;
				GCC_NO_COMMON_BLOCKS = YES;
				GCC_WARN_64_TO_32_BIT_CONVERSION = YES;
				GCC_WARN_ABOUT_RETURN_TYPE = YES_ERROR;
				GCC_WARN_UNDECLARED_SELECTOR = YES;
				GCC_WARN_UNINITIALIZED_AUTOS = YES_AGGRESSIVE;
				GCC_WARN_UNUSED_FUNCTION = YES;
				GCC_WARN_UNUSED_VARIABLE = YES;
				LOCALIZATION_PREFERS_STRING_CATALOGS = YES;
				MTL_ENABLE_DEBUG_INFO = NO;
				MTL_FAST_MATH = YES;
				SWIFT_COMPILATION_MODE = wholemodule;
			};
			name = Release;
		};
		422C69D62BED1C590012FB8F /* Debug */ = {
			isa = XCBuildConfiguration;
			buildSettings = {
				ASSETCATALOG_COMPILER_APPICON_NAME = AppIcon;
				ASSETCATALOG_COMPILER_GLOBAL_ACCENT_COLOR_NAME = AccentColor;
				CODE_SIGN_ENTITLEMENTS = CockDive/CockDive.entitlements;
				CODE_SIGN_STYLE = Automatic;
				CURRENT_PROJECT_VERSION = 1;
				DEVELOPMENT_ASSET_PATHS = "\"CockDive/Preview Content\"";
				DEVELOPMENT_TEAM = 254E5TZV4C;
				ENABLE_HARDENED_RUNTIME = YES;
				ENABLE_PREVIEWS = YES;
				GENERATE_INFOPLIST_FILE = YES;
				"INFOPLIST_KEY_UIApplicationSceneManifest_Generation[sdk=iphoneos*]" = YES;
				"INFOPLIST_KEY_UIApplicationSceneManifest_Generation[sdk=iphonesimulator*]" = YES;
				"INFOPLIST_KEY_UIApplicationSupportsIndirectInputEvents[sdk=iphoneos*]" = YES;
				"INFOPLIST_KEY_UIApplicationSupportsIndirectInputEvents[sdk=iphonesimulator*]" = YES;
				"INFOPLIST_KEY_UILaunchScreen_Generation[sdk=iphoneos*]" = YES;
				"INFOPLIST_KEY_UILaunchScreen_Generation[sdk=iphonesimulator*]" = YES;
				"INFOPLIST_KEY_UIStatusBarStyle[sdk=iphoneos*]" = UIStatusBarStyleDefault;
				"INFOPLIST_KEY_UIStatusBarStyle[sdk=iphonesimulator*]" = UIStatusBarStyleDefault;
				INFOPLIST_KEY_UISupportedInterfaceOrientations_iPad = "UIInterfaceOrientationPortrait UIInterfaceOrientationPortraitUpsideDown UIInterfaceOrientationLandscapeLeft UIInterfaceOrientationLandscapeRight";
				INFOPLIST_KEY_UISupportedInterfaceOrientations_iPhone = "UIInterfaceOrientationPortrait UIInterfaceOrientationLandscapeLeft UIInterfaceOrientationLandscapeRight";
				IPHONEOS_DEPLOYMENT_TARGET = 17.4;
				LD_RUNPATH_SEARCH_PATHS = "@executable_path/Frameworks";
				"LD_RUNPATH_SEARCH_PATHS[sdk=macosx*]" = "@executable_path/../Frameworks";
				MACOSX_DEPLOYMENT_TARGET = 14.1;
				MARKETING_VERSION = 1.0;
				PRODUCT_BUNDLE_IDENTIFIER = ryuprogrammer.CockDive;
				PRODUCT_NAME = "$(TARGET_NAME)";
				SDKROOT = auto;
				SUPPORTED_PLATFORMS = "iphoneos iphonesimulator macosx";
				SWIFT_EMIT_LOC_STRINGS = YES;
				SWIFT_VERSION = 5.0;
				TARGETED_DEVICE_FAMILY = "1,2";
			};
			name = Debug;
		};
		422C69D72BED1C590012FB8F /* Release */ = {
			isa = XCBuildConfiguration;
			buildSettings = {
				ASSETCATALOG_COMPILER_APPICON_NAME = AppIcon;
				ASSETCATALOG_COMPILER_GLOBAL_ACCENT_COLOR_NAME = AccentColor;
				CODE_SIGN_ENTITLEMENTS = CockDive/CockDive.entitlements;
				CODE_SIGN_STYLE = Automatic;
				CURRENT_PROJECT_VERSION = 1;
				DEVELOPMENT_ASSET_PATHS = "\"CockDive/Preview Content\"";
				DEVELOPMENT_TEAM = 254E5TZV4C;
				ENABLE_HARDENED_RUNTIME = YES;
				ENABLE_PREVIEWS = YES;
				GENERATE_INFOPLIST_FILE = YES;
				"INFOPLIST_KEY_UIApplicationSceneManifest_Generation[sdk=iphoneos*]" = YES;
				"INFOPLIST_KEY_UIApplicationSceneManifest_Generation[sdk=iphonesimulator*]" = YES;
				"INFOPLIST_KEY_UIApplicationSupportsIndirectInputEvents[sdk=iphoneos*]" = YES;
				"INFOPLIST_KEY_UIApplicationSupportsIndirectInputEvents[sdk=iphonesimulator*]" = YES;
				"INFOPLIST_KEY_UILaunchScreen_Generation[sdk=iphoneos*]" = YES;
				"INFOPLIST_KEY_UILaunchScreen_Generation[sdk=iphonesimulator*]" = YES;
				"INFOPLIST_KEY_UIStatusBarStyle[sdk=iphoneos*]" = UIStatusBarStyleDefault;
				"INFOPLIST_KEY_UIStatusBarStyle[sdk=iphonesimulator*]" = UIStatusBarStyleDefault;
				INFOPLIST_KEY_UISupportedInterfaceOrientations_iPad = "UIInterfaceOrientationPortrait UIInterfaceOrientationPortraitUpsideDown UIInterfaceOrientationLandscapeLeft UIInterfaceOrientationLandscapeRight";
				INFOPLIST_KEY_UISupportedInterfaceOrientations_iPhone = "UIInterfaceOrientationPortrait UIInterfaceOrientationLandscapeLeft UIInterfaceOrientationLandscapeRight";
				IPHONEOS_DEPLOYMENT_TARGET = 17.4;
				LD_RUNPATH_SEARCH_PATHS = "@executable_path/Frameworks";
				"LD_RUNPATH_SEARCH_PATHS[sdk=macosx*]" = "@executable_path/../Frameworks";
				MACOSX_DEPLOYMENT_TARGET = 14.1;
				MARKETING_VERSION = 1.0;
				PRODUCT_BUNDLE_IDENTIFIER = ryuprogrammer.CockDive;
				PRODUCT_NAME = "$(TARGET_NAME)";
				SDKROOT = auto;
				SUPPORTED_PLATFORMS = "iphoneos iphonesimulator macosx";
				SWIFT_EMIT_LOC_STRINGS = YES;
				SWIFT_VERSION = 5.0;
				TARGETED_DEVICE_FAMILY = "1,2";
			};
			name = Release;
		};
/* End XCBuildConfiguration section */

/* Begin XCConfigurationList section */
		422C69BC2BED1C570012FB8F /* Build configuration list for PBXProject "CockDive" */ = {
			isa = XCConfigurationList;
			buildConfigurations = (
				422C69D32BED1C590012FB8F /* Debug */,
				422C69D42BED1C590012FB8F /* Release */,
			);
			defaultConfigurationIsVisible = 0;
			defaultConfigurationName = Release;
		};
		422C69D52BED1C590012FB8F /* Build configuration list for PBXNativeTarget "CockDive" */ = {
			isa = XCConfigurationList;
			buildConfigurations = (
				422C69D62BED1C590012FB8F /* Debug */,
				422C69D72BED1C590012FB8F /* Release */,
			);
			defaultConfigurationIsVisible = 0;
			defaultConfigurationName = Release;
		};
/* End XCConfigurationList section */

/* Begin XCVersionGroup section */
		422C69C82BED1C570012FB8F /* CockDive.xcdatamodeld */ = {
			isa = XCVersionGroup;
			children = (
				422C69C92BED1C570012FB8F /* CockDive.xcdatamodel */,
			);
			currentVersion = 422C69C92BED1C570012FB8F /* CockDive.xcdatamodel */;
			path = CockDive.xcdatamodeld;
			sourceTree = "<group>";
			versionGroupType = wrapper.xcdatamodel;
		};
/* End XCVersionGroup section */
	};
	rootObject = 422C69B92BED1C570012FB8F /* Project object */;
}
